{"projectHash":"dc3093b8df2ca76fd120f552e69b3ea8c039e001","productModuleName":"Meduman_SwiftUITests","mockedTypeNames":["\/Users\/shakfeizi\/Documents\/Meduman_SwiftUI\/Meduman_SwiftUI\/Meduman_SwiftUITests\/Helpers & Utillities\/HealthStoreMock.swift",[],"\/Users\/shakfeizi\/Documents\/Meduman_SwiftUI\/Meduman_SwiftUI\/Meduman_SwiftUITests\/Health\/HealthRepositoryTests.swift",[],"\/Users\/shakfeizi\/Documents\/Meduman_SwiftUI\/Meduman_SwiftUI\/Meduman_SwiftUITests\/Helpers & Utillities\/HealthQueryMock.swift",[],"\/Users\/shakfeizi\/.Trash\/GeneratorModel.swift",[],"\/Users\/shakfeizi\/Documents\/Meduman_SwiftUI\/Meduman_SwiftUI\/Meduman_SwiftUITests\/Health\/ArticlesUnitTests.swift",[],"\/Users\/shakfeizi\/Documents\/Meduman_SwiftUI\/Meduman_SwiftUI\/Meduman_SwiftUITests\/Helpers & Utillities\/URLSessionMock.swift",[]],"cliVersion":"0.20.0","sourceFilePaths":[{"path":"\/Users\/shakfeizi\/.Trash\/GeneratorModel.swift","hash":"0a97411cd04739c033d9717d3d0726da8b2411cb"},{"path":"\/Users\/shakfeizi\/Documents\/Meduman_SwiftUI\/Meduman_SwiftUI\/Meduman_SwiftUITests\/Health\/ArticlesUnitTests.swift","hash":"71a1d18522aff5cb496ee64c537aa3dd90b7605f"},{"path":"\/Users\/shakfeizi\/Documents\/Meduman_SwiftUI\/Meduman_SwiftUI\/Meduman_SwiftUITests\/Health\/HealthRepositoryTests.swift","hash":"78052cb447ae0d43294b7e58f524ce74a1a6595d"},{"path":"\/Users\/shakfeizi\/Documents\/Meduman_SwiftUI\/Meduman_SwiftUI\/Meduman_SwiftUITests\/Helpers & Utillities\/HealthQueryMock.swift","hash":"726713d2e8bc553c799de45b792fb0cb97298521"},{"path":"\/Users\/shakfeizi\/Documents\/Meduman_SwiftUI\/Meduman_SwiftUI\/Meduman_SwiftUITests\/Helpers & Utillities\/HealthStoreMock.swift","hash":"7624d97a452f95b9f661c9ce70abc42100cd148b"},{"path":"\/Users\/shakfeizi\/Documents\/Meduman_SwiftUI\/Meduman_SwiftUI\/Meduman_SwiftUITests\/Helpers & Utillities\/URLSessionMock.swift","hash":"5b97acd7d8f34695cf28b47a22b68d1a429c6ec2"}],"sourceRoot":"\/Users\/shakfeizi\/Documents\/Meduman_SwiftUI\/Meduman_SwiftUI","dependencies":[],"name":"Meduman_SwiftUITests"}