{"projectHash":"1ade0c1b26bb5a1c88fc0e73170bf791d27cb127","productModuleName":"Meduman_SwiftUITests","mockedTypeNames":["\/Users\/shakfeizi\/Documents\/Meduman_SwiftUI\/Meduman_SwiftUI\/Meduman_SwiftUITests\/Health\/HealthRepositoryTests.swift",[],"\/Users\/shakfeizi\/Documents\/Meduman_SwiftUI\/Meduman_SwiftUI\/Meduman_SwiftUITests\/Helpers & Utillities\/HealthQueryMock.swift",[],"\/Users\/shakfeizi\/Documents\/Meduman_SwiftUI\/Meduman_SwiftUI\/Meduman_SwiftUITests\/Helpers & Utillities\/HealthStoreMock.swift",[],"\/Users\/shakfeizi\/Documents\/Meduman_SwiftUI\/Meduman_SwiftUI\/Meduman_SwiftUITests\/Health\/ArticlesUnitTests.swift",["URLSession"]],"cliVersion":"0.20.0","sourceFilePaths":[{"path":"\/Users\/shakfeizi\/Documents\/Meduman_SwiftUI\/Meduman_SwiftUI\/Meduman_SwiftUITests\/Health\/ArticlesUnitTests.swift","hash":"9a2f2c9cc2d4ac4157ad568530aa4f4c972e7195"},{"path":"\/Users\/shakfeizi\/Documents\/Meduman_SwiftUI\/Meduman_SwiftUI\/Meduman_SwiftUITests\/Health\/HealthRepositoryTests.swift","hash":"14f24ec8e1578917bb08243b318ccffb3a1b1a96"},{"path":"\/Users\/shakfeizi\/Documents\/Meduman_SwiftUI\/Meduman_SwiftUI\/Meduman_SwiftUITests\/Helpers & Utillities\/HealthQueryMock.swift","hash":"726713d2e8bc553c799de45b792fb0cb97298521"},{"path":"\/Users\/shakfeizi\/Documents\/Meduman_SwiftUI\/Meduman_SwiftUI\/Meduman_SwiftUITests\/Helpers & Utillities\/HealthStoreMock.swift","hash":"7624d97a452f95b9f661c9ce70abc42100cd148b"},{"path":"\/Users\/shakfeizi\/Documents\/Meduman_SwiftUI\/Meduman_SwiftUI\/MockingbirdMocks\/Meduman_SwiftUITests-Meduman_SwiftUIMocks.generated.swift","hash":"7bbc3e1d0f33282e6028225cbf7afd547bcb2baa"}],"sourceRoot":"\/Users\/shakfeizi\/Documents\/Meduman_SwiftUI\/Meduman_SwiftUI","dependencies":[],"name":"Meduman_SwiftUITests"}