{"cliVersion":"0.20.0","productModuleName":"Meduman_SwiftUI","sourceFilePaths":[{"path":"\/Users\/shakfeizi\/Documents\/Meduman_SwiftUI\/Meduman_SwiftUI\/Meduman_SwiftUI\/Data\/Health\/ArticleRepository.swift","hash":"bc8c687d4d5f82a93d5586609177735fa49b2868"},{"path":"\/Users\/shakfeizi\/Documents\/Meduman_SwiftUI\/Meduman_SwiftUI\/Meduman_SwiftUI\/Data\/Health\/HealthRepository.swift","hash":"46b313770f22573dd8e54cc7e6c624210e1c68ab"},{"path":"\/Users\/shakfeizi\/Documents\/Meduman_SwiftUI\/Meduman_SwiftUI\/Meduman_SwiftUI\/Data\/User\/AuthRepository.swift","hash":"58caeace247feea0030fd80d363b36b4ef680bbc"},{"path":"\/Users\/shakfeizi\/Documents\/Meduman_SwiftUI\/Meduman_SwiftUI\/Meduman_SwiftUI\/Data\/User\/FirestoreRepository.swift","hash":"b64621b9618b52cfa6d8016a59d3c69ac4b0c9ed"},{"path":"\/Users\/shakfeizi\/Documents\/Meduman_SwiftUI\/Meduman_SwiftUI\/Meduman_SwiftUI\/Domain\/Entities\/Article.swift","hash":"61fc7c8411059721d2476e8ea6875f54f3f9c0ad"},{"path":"\/Users\/shakfeizi\/Documents\/Meduman_SwiftUI\/Meduman_SwiftUI\/Meduman_SwiftUI\/Domain\/Entities\/Health.swift","hash":"2d1bf166da5ee58e427cce455732b671beb280cc"},{"path":"\/Users\/shakfeizi\/Documents\/Meduman_SwiftUI\/Meduman_SwiftUI\/Meduman_SwiftUI\/Domain\/Entities\/User.swift","hash":"16523cd9c4576c6789d14641949b7c6e918efcb3"},{"path":"\/Users\/shakfeizi\/Documents\/Meduman_SwiftUI\/Meduman_SwiftUI\/Meduman_SwiftUI\/Domain\/Use Cases\/HealthUseCase.swift","hash":"ed4e7e2da867038bb4e8c8dc5b53701de70b1b56"},{"path":"\/Users\/shakfeizi\/Documents\/Meduman_SwiftUI\/Meduman_SwiftUI\/Meduman_SwiftUI\/Domain\/Use Cases\/UserUseCase.swift","hash":"090cb36912b4eba2e8e4f1e374c566e7caefe850"},{"path":"\/Users\/shakfeizi\/Documents\/Meduman_SwiftUI\/Meduman_SwiftUI\/Meduman_SwiftUI\/Extensions\/HKQuantitySample.swift","hash":"139262b83a61e8ff1e4771fd4f36fa6127027310"},{"path":"\/Users\/shakfeizi\/Documents\/Meduman_SwiftUI\/Meduman_SwiftUI\/Meduman_SwiftUI\/Meduman_SwiftUIApp.swift","hash":"0949ebe950002b47f22e7f49e7e2db7fce3315a8"},{"path":"\/Users\/shakfeizi\/Documents\/Meduman_SwiftUI\/Meduman_SwiftUI\/Meduman_SwiftUI\/Presentor\/Auth\/Views\/AuthViewModel.swift","hash":"6e4e3134c7f1d3f3ae1496d8080833d492808242"},{"path":"\/Users\/shakfeizi\/Documents\/Meduman_SwiftUI\/Meduman_SwiftUI\/Meduman_SwiftUI\/Presentor\/Auth\/Views\/SignInView.swift","hash":"237c0d13560f1c37dff9502bb69d68801a84f34c"},{"path":"\/Users\/shakfeizi\/Documents\/Meduman_SwiftUI\/Meduman_SwiftUI\/Meduman_SwiftUI\/Presentor\/Auth\/Views\/SignUpView.swift","hash":"d72730c50198f91714bb8bd225f721a5da55b08a"},{"path":"\/Users\/shakfeizi\/Documents\/Meduman_SwiftUI\/Meduman_SwiftUI\/Meduman_SwiftUI\/Presentor\/Health\/Views\/Components\/CreateRecordView.swift","hash":"814e8341773b9167a0e021169880761d543d8595"},{"path":"\/Users\/shakfeizi\/Documents\/Meduman_SwiftUI\/Meduman_SwiftUI\/Meduman_SwiftUI\/Presentor\/Health\/Views\/Components\/RecordCellView.swift","hash":"036f3ad92587261c8021776d639d412a1fb84738"},{"path":"\/Users\/shakfeizi\/Documents\/Meduman_SwiftUI\/Meduman_SwiftUI\/Meduman_SwiftUI\/Presentor\/Health\/Views\/HealthArticlesView.swift","hash":"15af375f007a4c2e238b5c8510f99d23f70f7b1c"},{"path":"\/Users\/shakfeizi\/Documents\/Meduman_SwiftUI\/Meduman_SwiftUI\/Meduman_SwiftUI\/Presentor\/Health\/Views\/HealthRecordViewModel.swift","hash":"349bf0a4bfd90222c8f3c421a9a0467e9d0728b9"},{"path":"\/Users\/shakfeizi\/Documents\/Meduman_SwiftUI\/Meduman_SwiftUI\/Meduman_SwiftUI\/Presentor\/Health\/Views\/HealthRecordsView.swift","hash":"9c43f5d5eb5bfd71f06675e142398dd8bcb627d0"},{"path":"\/Users\/shakfeizi\/Documents\/Meduman_SwiftUI\/Meduman_SwiftUI\/Meduman_SwiftUI\/Utilities\/AuthError.swift","hash":"99e2ffe14ebfeb41d16970c3b06b1eefdbeaac15"},{"path":"\/Users\/shakfeizi\/Documents\/Meduman_SwiftUI\/Meduman_SwiftUI\/Meduman_SwiftUI\/Utilities\/Constraint.swift","hash":"11d3d46461cfb968cefc8a845792e5f92cd90e19"},{"path":"\/Users\/shakfeizi\/Documents\/Meduman_SwiftUI\/Meduman_SwiftUI\/Meduman_SwiftUI\/Utilities\/HealthError.swift","hash":"7e2833dd270b278773ac87aa8a901724a347112e"},{"path":"\/Users\/shakfeizi\/Documents\/Meduman_SwiftUI\/Meduman_SwiftUI\/Meduman_SwiftUI\/Utilities\/HealthUnit.swift","hash":"e5dc1ea06d8e7a4ed29c2df96f81bbc89bd825fb"},{"path":"\/Users\/shakfeizi\/Documents\/Meduman_SwiftUI\/Meduman_SwiftUI\/Meduman_SwiftUI\/Utilities\/NetworkError.swift","hash":"a9abd0039623842097298c386001b72d8af3582f"}],"configHash":"8ac410c083139847c54e49d1fb0fcbdfbe757152","dependencyPathsHash":"ce07ecd1486d15446862cec0e0bf0c9b0e17aa73","targetPathsHash":"46488b7f8e69397dc2c76c6ebea190bb7d4fe5e3","mockedTypesHash":"da39a3ee5e6b4b0d3255bfef95601890afd80709","outputHash":"7bbc3e1d0f33282e6028225cbf7afd547bcb2baa","dependencies":[],"sourceRoot":"\/Users\/shakfeizi\/Documents\/Meduman_SwiftUI\/Meduman_SwiftUI","supportingFilePaths":[{"path":"\/Users\/shakfeizi\/Documents\/Meduman_SwiftUI\/Meduman_SwiftUI\/MockingbirdSupport\/AppKit\/NSResponder.swift","hash":"21296949c6d570892c8665a450e62c234c938790"},{"path":"\/Users\/shakfeizi\/Documents\/Meduman_SwiftUI\/Meduman_SwiftUI\/MockingbirdSupport\/AppKit\/NSView.swift","hash":"85b3183be144012a7e105e292426c3d9f8966072"},{"path":"\/Users\/shakfeizi\/Documents\/Meduman_SwiftUI\/Meduman_SwiftUI\/MockingbirdSupport\/AppKit\/NSViewController.swift","hash":"d8785e8a119f2723c8840534df0ad8ac61409797"},{"path":"\/Users\/shakfeizi\/Documents\/Meduman_SwiftUI\/Meduman_SwiftUI\/MockingbirdSupport\/Foundation\/ObjectiveC\/NSObject.swift","hash":"cf466772b8c2d80d31f34b93b501b398fbb8854d"},{"path":"\/Users\/shakfeizi\/Documents\/Meduman_SwiftUI\/Meduman_SwiftUI\/MockingbirdSupport\/Foundation\/ObjectiveC\/NSObject.swift","hash":"cf466772b8c2d80d31f34b93b501b398fbb8854d"},{"path":"\/Users\/shakfeizi\/Documents\/Meduman_SwiftUI\/Meduman_SwiftUI\/MockingbirdSupport\/Swift\/Codable.swift","hash":"57675d8b36a2db7b093b3542bd3225a88992c3bc"},{"path":"\/Users\/shakfeizi\/Documents\/Meduman_SwiftUI\/Meduman_SwiftUI\/MockingbirdSupport\/Swift\/Comparable.swift","hash":"d0d110744eeaf2f8fdd2f8a41df3452f35286bb7"},{"path":"\/Users\/shakfeizi\/Documents\/Meduman_SwiftUI\/Meduman_SwiftUI\/MockingbirdSupport\/Swift\/Equatable.swift","hash":"2e7674f4e23a5ab7aef45b91b63c0ed5934c3b83"},{"path":"\/Users\/shakfeizi\/Documents\/Meduman_SwiftUI\/Meduman_SwiftUI\/MockingbirdSupport\/Swift\/Hashable.swift","hash":"f59ec249aa03e312f2bda7c3b397c0dccd880a21"},{"path":"\/Users\/shakfeizi\/Documents\/Meduman_SwiftUI\/Meduman_SwiftUI\/MockingbirdSupport\/Swift\/Misc.swift","hash":"c139249ec5799f1ec64c3d9e7d8c1f286b894035"},{"path":"\/Users\/shakfeizi\/Documents\/Meduman_SwiftUI\/Meduman_SwiftUI\/MockingbirdSupport\/UIKit\/UIControl.swift","hash":"9363a4c38002598dbbc1198f16fe7198b8151d24"},{"path":"\/Users\/shakfeizi\/Documents\/Meduman_SwiftUI\/Meduman_SwiftUI\/MockingbirdSupport\/UIKit\/UILabel.swift","hash":"e26a734695bfe008598ed0d8c936683db78f40ac"},{"path":"\/Users\/shakfeizi\/Documents\/Meduman_SwiftUI\/Meduman_SwiftUI\/MockingbirdSupport\/UIKit\/UIView.swift","hash":"10e6b03a9c5a76f720c17fcb82af82ff66994926"},{"path":"\/Users\/shakfeizi\/Documents\/Meduman_SwiftUI\/Meduman_SwiftUI\/MockingbirdSupport\/UIKit\/UIViewController.swift","hash":"bbd8980a22029f339b0e8746124fd06d94730570"}],"name":"Meduman_SwiftUI","projectHash":"dc3093b8df2ca76fd120f552e69b3ea8c039e001"}