{"projectHash":"b6268ef2d5a6af41721edeec82d98dfec5313446","productModuleName":"Meduman_SwiftUITests","mockedTypeNames":["\/Users\/shakfeizi\/Documents\/Meduman_SwiftUI\/Meduman_SwiftUI\/Meduman_SwiftUITests\/Helpers & Utillities\/HealthStoreMock.swift",[],"\/Users\/shakfeizi\/Documents\/Meduman_SwiftUI\/Meduman_SwiftUI\/Meduman_SwiftUITests\/Health\/ArticlesUnitTests.swift",["URLSessionDataTaskPublisherProtocol","URLSessionProtocol"],"\/Users\/shakfeizi\/Documents\/Meduman_SwiftUI\/Meduman_SwiftUI\/Meduman_SwiftUITests\/Health\/HealthRepositoryTests.swift",[],"\/Users\/shakfeizi\/Documents\/Meduman_SwiftUI\/Meduman_SwiftUI\/Meduman_SwiftUITests\/Helpers & Utillities\/HealthQueryMock.swift",[]],"cliVersion":"0.20.0","sourceFilePaths":[{"path":"\/Users\/shakfeizi\/Documents\/Meduman_SwiftUI\/Meduman_SwiftUI\/Meduman_SwiftUITests\/Health\/ArticlesUnitTests.swift","hash":"f9ecf5ad18cfd56bd8f22148523204900ae49101"},{"path":"\/Users\/shakfeizi\/Documents\/Meduman_SwiftUI\/Meduman_SwiftUI\/Meduman_SwiftUITests\/Health\/HealthRepositoryTests.swift","hash":"14f24ec8e1578917bb08243b318ccffb3a1b1a96"},{"path":"\/Users\/shakfeizi\/Documents\/Meduman_SwiftUI\/Meduman_SwiftUI\/Meduman_SwiftUITests\/Helpers & Utillities\/HealthQueryMock.swift","hash":"726713d2e8bc553c799de45b792fb0cb97298521"},{"path":"\/Users\/shakfeizi\/Documents\/Meduman_SwiftUI\/Meduman_SwiftUI\/Meduman_SwiftUITests\/Helpers & Utillities\/HealthStoreMock.swift","hash":"7624d97a452f95b9f661c9ce70abc42100cd148b"},{"path":"\/Users\/shakfeizi\/Documents\/Meduman_SwiftUI\/Meduman_SwiftUI\/MockingbirdMocks\/Meduman_SwiftUITests-Meduman_SwiftUIMocks.generated.swift","hash":"46aaa0c669aab15da750e3305b8cc7d81689d8ef"}],"sourceRoot":"\/Users\/shakfeizi\/Documents\/Meduman_SwiftUI\/Meduman_SwiftUI","dependencies":[],"name":"Meduman_SwiftUITests"}