// !$*UTF8*$!
{
	archiveVersion = 1;
	classes = {
	};
	objectVersion = 55;
	objects = {

/* Begin PBXBuildFile section */
		6D1D17DB2A58B7D200B4A13D /* CreateMedicationReminderView.swift in Sources */ = {isa = PBXBuildFile; fileRef = 6D1D17DA2A58B7D200B4A13D /* CreateMedicationReminderView.swift */; };
		6D1D17DD2A58B7F500B4A13D /* MedicationReminderViewModel.swift in Sources */ = {isa = PBXBuildFile; fileRef = 6D1D17DC2A58B7F500B4A13D /* MedicationReminderViewModel.swift */; };
		6D1D17E12A599AB900B4A13D /* MedicineReminderListView.swift in Sources */ = {isa = PBXBuildFile; fileRef = 6D1D17E02A599AB900B4A13D /* MedicineReminderListView.swift */; };
		6D2C0AB127862DE5003D36DC /* SignUpView.swift in Sources */ = {isa = PBXBuildFile; fileRef = 6D2C0AB027862DE5003D36DC /* SignUpView.swift */; };
		6D2CB4D7292DD205002BF0A4 /* HealthRecordViewModel.swift in Sources */ = {isa = PBXBuildFile; fileRef = 6D2CB4D6292DD205002BF0A4 /* HealthRecordViewModel.swift */; };
		6D2CB5B7293E8D10002BF0A4 /* HealthKit.framework in Frameworks */ = {isa = PBXBuildFile; fileRef = 6D2CB5B6293E8D10002BF0A4 /* HealthKit.framework */; };
		6D310E912A6B2DE4005F7630 /* Reminder.swift in Sources */ = {isa = PBXBuildFile; fileRef = 6D310E902A6B2DE4005F7630 /* Reminder.swift */; };
		6D310E932A6B2E66005F7630 /* ReminderError.swift in Sources */ = {isa = PBXBuildFile; fileRef = 6D310E922A6B2E66005F7630 /* ReminderError.swift */; };
		6D310E952A6C76AC005F7630 /* NotificationManager.swift in Sources */ = {isa = PBXBuildFile; fileRef = 6D310E942A6C76AC005F7630 /* NotificationManager.swift */; };
		6D63A36328C52D0E0076BB1E /* HealthRecordsView.swift in Sources */ = {isa = PBXBuildFile; fileRef = 6D63A36228C52D0E0076BB1E /* HealthRecordsView.swift */; };
		6D63A36C28CAE9CD0076BB1E /* AuthRepository.swift in Sources */ = {isa = PBXBuildFile; fileRef = 6D63A36B28CAE9CD0076BB1E /* AuthRepository.swift */; };
		6D63A36E28CAE9DF0076BB1E /* FirestoreRepository.swift in Sources */ = {isa = PBXBuildFile; fileRef = 6D63A36D28CAE9DE0076BB1E /* FirestoreRepository.swift */; };
		6D63A39728CEC38F0076BB1E /* AuthViewModel.swift in Sources */ = {isa = PBXBuildFile; fileRef = 6D63A39628CEC38F0076BB1E /* AuthViewModel.swift */; };
		6D63A39D28D2D1560076BB1E /* FirebaseAnalytics in Frameworks */ = {isa = PBXBuildFile; productRef = 6D63A39C28D2D1560076BB1E /* FirebaseAnalytics */; };
		6D63A39F28D2D1560076BB1E /* FirebaseAuth in Frameworks */ = {isa = PBXBuildFile; productRef = 6D63A39E28D2D1560076BB1E /* FirebaseAuth */; };
		6D63A3A128D2D1560076BB1E /* FirebaseFirestore in Frameworks */ = {isa = PBXBuildFile; productRef = 6D63A3A028D2D1560076BB1E /* FirebaseFirestore */; };
		6D63A3A328D2D1560076BB1E /* FirebaseFirestoreSwift in Frameworks */ = {isa = PBXBuildFile; productRef = 6D63A3A228D2D1560076BB1E /* FirebaseFirestoreSwift */; };
		6D63A3B228E4BBE90076BB1E /* HealthRepository.swift in Sources */ = {isa = PBXBuildFile; fileRef = 6D63A3B128E4BBE90076BB1E /* HealthRepository.swift */; };
		6D63A3B428E694AF0076BB1E /* Health.swift in Sources */ = {isa = PBXBuildFile; fileRef = 6D63A3B328E694AF0076BB1E /* Health.swift */; };
		6D63A3B928E9287E0076BB1E /* HealthError.swift in Sources */ = {isa = PBXBuildFile; fileRef = 6D63A3B828E9287E0076BB1E /* HealthError.swift */; };
		6D82EF61277266AA0010E25B /* Meduman_SwiftUIApp.swift in Sources */ = {isa = PBXBuildFile; fileRef = 6D82EF60277266AA0010E25B /* Meduman_SwiftUIApp.swift */; };
		6D82EF65277266AD0010E25B /* Assets.xcassets in Resources */ = {isa = PBXBuildFile; fileRef = 6D82EF64277266AD0010E25B /* Assets.xcassets */; };
		6D82EF68277266AD0010E25B /* Preview Assets.xcassets in Resources */ = {isa = PBXBuildFile; fileRef = 6D82EF67277266AD0010E25B /* Preview Assets.xcassets */; };
		6D82EF91277271270010E25B /* User.swift in Sources */ = {isa = PBXBuildFile; fileRef = 6D82EF90277271270010E25B /* User.swift */; };
		6D82EFA827739A020010E25B /* AuthError.swift in Sources */ = {isa = PBXBuildFile; fileRef = 6D82EFA727739A020010E25B /* AuthError.swift */; };
		6D8A268F2993628C00E1DFFC /* HealthUnit.swift in Sources */ = {isa = PBXBuildFile; fileRef = 6D8A268E2993628C00E1DFFC /* HealthUnit.swift */; };
		6D948A602A5491AF009DB48C /* XCUIElement.swift in Sources */ = {isa = PBXBuildFile; fileRef = 6D948A5F2A5491AF009DB48C /* XCUIElement.swift */; };
		6D96C7082941662200A9AA4C /* HealthRepositoryTests.swift in Sources */ = {isa = PBXBuildFile; fileRef = 6D96C7072941662200A9AA4C /* HealthRepositoryTests.swift */; };
		6D96C70A2941689400A9AA4C /* XCTest.framework in Frameworks */ = {isa = PBXBuildFile; fileRef = 6D96C7092941689300A9AA4C /* XCTest.framework */; };
		6D96C70C2948287800A9AA4C /* HealthStoreMock.swift in Sources */ = {isa = PBXBuildFile; fileRef = 6D96C70B2948287800A9AA4C /* HealthStoreMock.swift */; };
		6DC2367B29778F8200E10311 /* HealthRecordViewUITests.swift in Sources */ = {isa = PBXBuildFile; fileRef = 6DC2367A29778F8200E10311 /* HealthRecordViewUITests.swift */; };
		6DC236822978DC0D00E10311 /* XCTest.framework in Frameworks */ = {isa = PBXBuildFile; fileRef = 6D96C7092941689300A9AA4C /* XCTest.framework */; };
		6DC23687297A389B00E10311 /* CreateRecordView.swift in Sources */ = {isa = PBXBuildFile; fileRef = 6DC23686297A389B00E10311 /* CreateRecordView.swift */; };
		6DC23689297A3C3800E10311 /* HealthRecordCreationUITests.swift in Sources */ = {isa = PBXBuildFile; fileRef = 6DC23688297A3C3800E10311 /* HealthRecordCreationUITests.swift */; };
		6DC41DEC2B2CDB7200B3F0F2 /* HomeView.swift in Sources */ = {isa = PBXBuildFile; fileRef = 6DC41DEB2B2CDB7200B3F0F2 /* HomeView.swift */; };
		6DC7623F277B83E0002ECC8C /* SignInView.swift in Sources */ = {isa = PBXBuildFile; fileRef = 6DC7623E277B83E0002ECC8C /* SignInView.swift */; };
		6DD3A57E28BFAEBA00405C26 /* GoogleService-Info.plist in Resources */ = {isa = PBXBuildFile; fileRef = 6DD3A57D28BFAEBA00405C26 /* GoogleService-Info.plist */; };
		6DD5CAAC294BF92E00CB66CC /* Constraint.swift in Sources */ = {isa = PBXBuildFile; fileRef = 6DD5CAAB294BF92D00CB66CC /* Constraint.swift */; };
		6DD5CAAE29515A2400CB66CC /* HealthQueryMock.swift in Sources */ = {isa = PBXBuildFile; fileRef = 6DD5CAAD29515A2300CB66CC /* HealthQueryMock.swift */; };
		6DE5F07D29A1B6E500FE8C1E /* RecordCellView.swift in Sources */ = {isa = PBXBuildFile; fileRef = 6DE5F07C29A1B6E500FE8C1E /* RecordCellView.swift */; };
		6DE5F08029A4751E00FE8C1E /* HKQuantitySample.swift in Sources */ = {isa = PBXBuildFile; fileRef = 6DE5F07F29A4751E00FE8C1E /* HKQuantitySample.swift */; };
/* End PBXBuildFile section */

/* Begin PBXContainerItemProxy section */
		6D96C702294165FA00A9AA4C /* PBXContainerItemProxy */ = {
			isa = PBXContainerItemProxy;
			containerPortal = 6D82EF55277266AA0010E25B /* Project object */;
			proxyType = 1;
			remoteGlobalIDString = 6D82EF5C277266AA0010E25B;
			remoteInfo = Meduman_SwiftUI;
		};
		6DC2367429778F2100E10311 /* PBXContainerItemProxy */ = {
			isa = PBXContainerItemProxy;
			containerPortal = 6D82EF55277266AA0010E25B /* Project object */;
			proxyType = 1;
			remoteGlobalIDString = 6D82EF5C277266AA0010E25B;
			remoteInfo = Meduman_SwiftUI;
		};
/* End PBXContainerItemProxy section */

/* Begin PBXFileReference section */
		6D1D17DA2A58B7D200B4A13D /* CreateMedicationReminderView.swift */ = {isa = PBXFileReference; lastKnownFileType = sourcecode.swift; path = CreateMedicationReminderView.swift; sourceTree = "<group>"; };
		6D1D17DC2A58B7F500B4A13D /* MedicationReminderViewModel.swift */ = {isa = PBXFileReference; lastKnownFileType = sourcecode.swift; path = MedicationReminderViewModel.swift; sourceTree = "<group>"; };
		6D1D17E02A599AB900B4A13D /* MedicineReminderListView.swift */ = {isa = PBXFileReference; lastKnownFileType = sourcecode.swift; path = MedicineReminderListView.swift; sourceTree = "<group>"; };
		6D2C0AB027862DE5003D36DC /* SignUpView.swift */ = {isa = PBXFileReference; lastKnownFileType = sourcecode.swift; path = SignUpView.swift; sourceTree = "<group>"; };
		6D2CB4D6292DD205002BF0A4 /* HealthRecordViewModel.swift */ = {isa = PBXFileReference; lastKnownFileType = sourcecode.swift; path = HealthRecordViewModel.swift; sourceTree = "<group>"; };
		6D2CB5AD293E8978002BF0A4 /* Meduman-SwiftUI-Info.plist */ = {isa = PBXFileReference; lastKnownFileType = text.plist; path = "Meduman-SwiftUI-Info.plist"; sourceTree = SOURCE_ROOT; };
		6D2CB5B6293E8D10002BF0A4 /* HealthKit.framework */ = {isa = PBXFileReference; lastKnownFileType = wrapper.framework; name = HealthKit.framework; path = System/Library/Frameworks/HealthKit.framework; sourceTree = SDKROOT; };
		6D310E902A6B2DE4005F7630 /* Reminder.swift */ = {isa = PBXFileReference; lastKnownFileType = sourcecode.swift; path = Reminder.swift; sourceTree = "<group>"; };
		6D310E922A6B2E66005F7630 /* ReminderError.swift */ = {isa = PBXFileReference; lastKnownFileType = sourcecode.swift; path = ReminderError.swift; sourceTree = "<group>"; };
		6D310E942A6C76AC005F7630 /* NotificationManager.swift */ = {isa = PBXFileReference; lastKnownFileType = sourcecode.swift; path = NotificationManager.swift; sourceTree = "<group>"; };
		6D63A36228C52D0E0076BB1E /* HealthRecordsView.swift */ = {isa = PBXFileReference; lastKnownFileType = sourcecode.swift; path = HealthRecordsView.swift; sourceTree = "<group>"; };
		6D63A36928CA94C40076BB1E /* Meduman Arch+Flow.md */ = {isa = PBXFileReference; lastKnownFileType = net.daringfireball.markdown; path = "Meduman Arch+Flow.md"; sourceTree = "<group>"; };
		6D63A36B28CAE9CD0076BB1E /* AuthRepository.swift */ = {isa = PBXFileReference; lastKnownFileType = sourcecode.swift; path = AuthRepository.swift; sourceTree = "<group>"; };
		6D63A36D28CAE9DE0076BB1E /* FirestoreRepository.swift */ = {isa = PBXFileReference; lastKnownFileType = sourcecode.swift; path = FirestoreRepository.swift; sourceTree = "<group>"; };
		6D63A39628CEC38F0076BB1E /* AuthViewModel.swift */ = {isa = PBXFileReference; lastKnownFileType = sourcecode.swift; path = AuthViewModel.swift; sourceTree = "<group>"; };
		6D63A3AA28E33E320076BB1E /* Meduman_SwiftUI.entitlements */ = {isa = PBXFileReference; lastKnownFileType = text.plist.entitlements; path = Meduman_SwiftUI.entitlements; sourceTree = "<group>"; };
		6D63A3B128E4BBE90076BB1E /* HealthRepository.swift */ = {isa = PBXFileReference; lastKnownFileType = sourcecode.swift; path = HealthRepository.swift; sourceTree = "<group>"; };
		6D63A3B328E694AF0076BB1E /* Health.swift */ = {isa = PBXFileReference; lastKnownFileType = sourcecode.swift; path = Health.swift; sourceTree = "<group>"; };
		6D63A3B828E9287E0076BB1E /* HealthError.swift */ = {isa = PBXFileReference; lastKnownFileType = sourcecode.swift; path = HealthError.swift; sourceTree = "<group>"; };
		6D82EF5D277266AA0010E25B /* Meduman_SwiftUI.app */ = {isa = PBXFileReference; explicitFileType = wrapper.application; includeInIndex = 0; path = Meduman_SwiftUI.app; sourceTree = BUILT_PRODUCTS_DIR; };
		6D82EF60277266AA0010E25B /* Meduman_SwiftUIApp.swift */ = {isa = PBXFileReference; lastKnownFileType = sourcecode.swift; path = Meduman_SwiftUIApp.swift; sourceTree = "<group>"; };
		6D82EF64277266AD0010E25B /* Assets.xcassets */ = {isa = PBXFileReference; lastKnownFileType = folder.assetcatalog; path = Assets.xcassets; sourceTree = "<group>"; };
		6D82EF67277266AD0010E25B /* Preview Assets.xcassets */ = {isa = PBXFileReference; lastKnownFileType = folder.assetcatalog; path = "Preview Assets.xcassets"; sourceTree = "<group>"; };
		6D82EF90277271270010E25B /* User.swift */ = {isa = PBXFileReference; lastKnownFileType = sourcecode.swift; path = User.swift; sourceTree = "<group>"; };
		6D82EFA727739A020010E25B /* AuthError.swift */ = {isa = PBXFileReference; lastKnownFileType = sourcecode.swift; path = AuthError.swift; sourceTree = "<group>"; };
		6D8A268E2993628C00E1DFFC /* HealthUnit.swift */ = {isa = PBXFileReference; lastKnownFileType = sourcecode.swift; path = HealthUnit.swift; sourceTree = "<group>"; };
		6D948A5F2A5491AF009DB48C /* XCUIElement.swift */ = {isa = PBXFileReference; lastKnownFileType = sourcecode.swift; path = XCUIElement.swift; sourceTree = "<group>"; };
		6D96C6FE294165FA00A9AA4C /* Meduman_SwiftUITests.xctest */ = {isa = PBXFileReference; explicitFileType = wrapper.cfbundle; includeInIndex = 0; path = Meduman_SwiftUITests.xctest; sourceTree = BUILT_PRODUCTS_DIR; };
		6D96C7072941662200A9AA4C /* HealthRepositoryTests.swift */ = {isa = PBXFileReference; lastKnownFileType = sourcecode.swift; path = HealthRepositoryTests.swift; sourceTree = "<group>"; };
		6D96C7092941689300A9AA4C /* XCTest.framework */ = {isa = PBXFileReference; lastKnownFileType = wrapper.framework; name = XCTest.framework; path = Platforms/iPhoneOS.platform/Developer/Library/Frameworks/XCTest.framework; sourceTree = DEVELOPER_DIR; };
		6D96C70B2948287800A9AA4C /* HealthStoreMock.swift */ = {isa = PBXFileReference; lastKnownFileType = sourcecode.swift; path = HealthStoreMock.swift; sourceTree = "<group>"; };
		6DC2366E29778F2100E10311 /* Meduman_SwiftUI_UITests.xctest */ = {isa = PBXFileReference; explicitFileType = wrapper.cfbundle; includeInIndex = 0; path = Meduman_SwiftUI_UITests.xctest; sourceTree = BUILT_PRODUCTS_DIR; };
		6DC2367A29778F8200E10311 /* HealthRecordViewUITests.swift */ = {isa = PBXFileReference; lastKnownFileType = sourcecode.swift; path = HealthRecordViewUITests.swift; sourceTree = "<group>"; };
		6DC23686297A389B00E10311 /* CreateRecordView.swift */ = {isa = PBXFileReference; lastKnownFileType = sourcecode.swift; path = CreateRecordView.swift; sourceTree = "<group>"; };
		6DC23688297A3C3800E10311 /* HealthRecordCreationUITests.swift */ = {isa = PBXFileReference; lastKnownFileType = sourcecode.swift; path = HealthRecordCreationUITests.swift; sourceTree = "<group>"; };
		6DC41DEB2B2CDB7200B3F0F2 /* HomeView.swift */ = {isa = PBXFileReference; lastKnownFileType = sourcecode.swift; path = HomeView.swift; sourceTree = "<group>"; };
		6DC7623E277B83E0002ECC8C /* SignInView.swift */ = {isa = PBXFileReference; lastKnownFileType = sourcecode.swift; path = SignInView.swift; sourceTree = "<group>"; };
		6DD3A57D28BFAEBA00405C26 /* GoogleService-Info.plist */ = {isa = PBXFileReference; fileEncoding = 4; lastKnownFileType = text.plist.xml; name = "GoogleService-Info.plist"; path = "../../../Downloads/GoogleService-Info.plist"; sourceTree = "<group>"; };
		6DD5CAAB294BF92D00CB66CC /* Constraint.swift */ = {isa = PBXFileReference; lastKnownFileType = sourcecode.swift; path = Constraint.swift; sourceTree = "<group>"; };
		6DD5CAAD29515A2300CB66CC /* HealthQueryMock.swift */ = {isa = PBXFileReference; lastKnownFileType = sourcecode.swift; path = HealthQueryMock.swift; sourceTree = "<group>"; };
		6DE5F07C29A1B6E500FE8C1E /* RecordCellView.swift */ = {isa = PBXFileReference; lastKnownFileType = sourcecode.swift; path = RecordCellView.swift; sourceTree = "<group>"; };
		6DE5F07F29A4751E00FE8C1E /* HKQuantitySample.swift */ = {isa = PBXFileReference; lastKnownFileType = sourcecode.swift; path = HKQuantitySample.swift; sourceTree = "<group>"; };
/* End PBXFileReference section */

/* Begin PBXFrameworksBuildPhase section */
		6D82EF5A277266AA0010E25B /* Frameworks */ = {
			isa = PBXFrameworksBuildPhase;
			buildActionMask = 2147483647;
			files = (
				6D63A39D28D2D1560076BB1E /* FirebaseAnalytics in Frameworks */,
				6D63A39F28D2D1560076BB1E /* FirebaseAuth in Frameworks */,
				6D63A3A128D2D1560076BB1E /* FirebaseFirestore in Frameworks */,
				6D63A3A328D2D1560076BB1E /* FirebaseFirestoreSwift in Frameworks */,
				6D2CB5B7293E8D10002BF0A4 /* HealthKit.framework in Frameworks */,
			);
			runOnlyForDeploymentPostprocessing = 0;
		};
		6D96C6FB294165FA00A9AA4C /* Frameworks */ = {
			isa = PBXFrameworksBuildPhase;
			buildActionMask = 2147483647;
			files = (
				6D96C70A2941689400A9AA4C /* XCTest.framework in Frameworks */,
			);
			runOnlyForDeploymentPostprocessing = 0;
		};
		6DC2366B29778F2100E10311 /* Frameworks */ = {
			isa = PBXFrameworksBuildPhase;
			buildActionMask = 2147483647;
			files = (
				6DC236822978DC0D00E10311 /* XCTest.framework in Frameworks */,
			);
			runOnlyForDeploymentPostprocessing = 0;
		};
/* End PBXFrameworksBuildPhase section */

/* Begin PBXGroup section */
		6D1D17C82A57898D00B4A13D /* App */ = {
			isa = PBXGroup;
			children = (
				6D1D17C92A5789AF00B4A13D /* Auth */,
				6D310E8F2A637C2C005F7630 /* Home */,
				6D1D17CA2A5789C200B4A13D /* Health */,
				6D1D17CB2A578AD100B4A13D /* Reminder */,
			);
			path = App;
			sourceTree = "<group>";
		};
		6D1D17C92A5789AF00B4A13D /* Auth */ = {
			isa = PBXGroup;
			children = (
				6D63A36B28CAE9CD0076BB1E /* AuthRepository.swift */,
				6D63A39528CEC37D0076BB1E /* Views */,
			);
			path = Auth;
			sourceTree = "<group>";
		};
		6D1D17CA2A5789C200B4A13D /* Health */ = {
			isa = PBXGroup;
			children = (
				6D63A3B128E4BBE90076BB1E /* HealthRepository.swift */,
				6D63A39A28CEC7840076BB1E /* Views */,
			);
			path = Health;
			sourceTree = "<group>";
		};
		6D1D17CB2A578AD100B4A13D /* Reminder */ = {
			isa = PBXGroup;
			children = (
				6D310E942A6C76AC005F7630 /* NotificationManager.swift */,
				6D1D17D92A58B7B100B4A13D /* Views */,
			);
			path = Reminder;
			sourceTree = "<group>";
		};
		6D1D17D92A58B7B100B4A13D /* Views */ = {
			isa = PBXGroup;
			children = (
				6D1D17E02A599AB900B4A13D /* MedicineReminderListView.swift */,
				6D1D17DA2A58B7D200B4A13D /* CreateMedicationReminderView.swift */,
				6D1D17DC2A58B7F500B4A13D /* MedicationReminderViewModel.swift */,
			);
			path = Views;
			sourceTree = "<group>";
		};
		6D2CB5B5293E8D10002BF0A4 /* Frameworks */ = {
			isa = PBXGroup;
			children = (
				6D96C7092941689300A9AA4C /* XCTest.framework */,
				6D2CB5B6293E8D10002BF0A4 /* HealthKit.framework */,
			);
			name = Frameworks;
			sourceTree = "<group>";
		};
		6D310E8F2A637C2C005F7630 /* Home */ = {
			isa = PBXGroup;
			children = (
				6DC41DEB2B2CDB7200B3F0F2 /* HomeView.swift */,
			);
			path = Home;
			sourceTree = "<group>";
		};
		6D63A39528CEC37D0076BB1E /* Views */ = {
			isa = PBXGroup;
			children = (
				6DC7623E277B83E0002ECC8C /* SignInView.swift */,
				6D2C0AB027862DE5003D36DC /* SignUpView.swift */,
				6D63A39628CEC38F0076BB1E /* AuthViewModel.swift */,
			);
			path = Views;
			sourceTree = "<group>";
		};
		6D63A39828CEC7240076BB1E /* Models */ = {
			isa = PBXGroup;
			children = (
				6D82EF90277271270010E25B /* User.swift */,
				6D63A3B328E694AF0076BB1E /* Health.swift */,
				6D310E902A6B2DE4005F7630 /* Reminder.swift */,
			);
			path = Models;
			sourceTree = "<group>";
		};
		6D63A39A28CEC7840076BB1E /* Views */ = {
			isa = PBXGroup;
			children = (
				6D63A36228C52D0E0076BB1E /* HealthRecordsView.swift */,
				6D2CB4D6292DD205002BF0A4 /* HealthRecordViewModel.swift */,
				6DC2368C2988AC0600E10311 /* Components */,
			);
			path = Views;
			sourceTree = "<group>";
		};
		6D82EF54277266AA0010E25B = {
			isa = PBXGroup;
			children = (
				6DD3A57D28BFAEBA00405C26 /* GoogleService-Info.plist */,
				6D82EF5F277266AA0010E25B /* Meduman_SwiftUI */,
				6D96C6FF294165FA00A9AA4C /* Meduman_SwiftUITests */,
				6DC2366F29778F2100E10311 /* Meduman_SwiftUI_UITests */,
				6D82EF5E277266AA0010E25B /* Products */,
				6D2CB5B5293E8D10002BF0A4 /* Frameworks */,
			);
			sourceTree = "<group>";
			usesTabs = 0;
		};
		6D82EF5E277266AA0010E25B /* Products */ = {
			isa = PBXGroup;
			children = (
				6D82EF5D277266AA0010E25B /* Meduman_SwiftUI.app */,
				6D96C6FE294165FA00A9AA4C /* Meduman_SwiftUITests.xctest */,
				6DC2366E29778F2100E10311 /* Meduman_SwiftUI_UITests.xctest */,
			);
			name = Products;
			sourceTree = "<group>";
		};
		6D82EF5F277266AA0010E25B /* Meduman_SwiftUI */ = {
			isa = PBXGroup;
			children = (
				6D63A36928CA94C40076BB1E /* Meduman Arch+Flow.md */,
				6D82EF60277266AA0010E25B /* Meduman_SwiftUIApp.swift */,
				6D63A3AA28E33E320076BB1E /* Meduman_SwiftUI.entitlements */,
				6D2CB5AD293E8978002BF0A4 /* Meduman-SwiftUI-Info.plist */,
				6D82EF64277266AD0010E25B /* Assets.xcassets */,
				6D63A39828CEC7240076BB1E /* Models */,
				6D1D17C82A57898D00B4A13D /* App */,
				6DE5F07E29A474FE00FE8C1E /* Extensions */,
				6D82EF66277266AD0010E25B /* Preview Content */,
				6D63A36D28CAE9DE0076BB1E /* FirestoreRepository.swift */,
				6D310E922A6B2E66005F7630 /* ReminderError.swift */,
				6DD5CAAB294BF92D00CB66CC /* Constraint.swift */,
				6D82EFA727739A020010E25B /* AuthError.swift */,
				6D63A3B828E9287E0076BB1E /* HealthError.swift */,
				6D8A268E2993628C00E1DFFC /* HealthUnit.swift */,
			);
			path = Meduman_SwiftUI;
			sourceTree = "<group>";
		};
		6D82EF66277266AD0010E25B /* Preview Content */ = {
			isa = PBXGroup;
			children = (
				6D82EF67277266AD0010E25B /* Preview Assets.xcassets */,
			);
			path = "Preview Content";
			sourceTree = "<group>";
		};
		6D96C6FF294165FA00A9AA4C /* Meduman_SwiftUITests */ = {
			isa = PBXGroup;
			children = (
				6DC2363C296A049D00E10311 /* Health */,
			);
			path = Meduman_SwiftUITests;
			sourceTree = "<group>";
		};
		6DC2363C296A049D00E10311 /* Health */ = {
			isa = PBXGroup;
			children = (
				6D96C7072941662200A9AA4C /* HealthRepositoryTests.swift */,
				6DC2363D296A04D200E10311 /* Helpers & Utillities */,
			);
			path = Health;
			sourceTree = "<group>";
		};
		6DC2363D296A04D200E10311 /* Helpers & Utillities */ = {
			isa = PBXGroup;
			children = (
				6D96C70B2948287800A9AA4C /* HealthStoreMock.swift */,
				6DD5CAAD29515A2300CB66CC /* HealthQueryMock.swift */,
			);
			path = "Helpers & Utillities";
			sourceTree = "<group>";
		};
		6DC2366F29778F2100E10311 /* Meduman_SwiftUI_UITests */ = {
			isa = PBXGroup;
			children = (
				6DC2367929778F4100E10311 /* Health */,
				6D948A5F2A5491AF009DB48C /* XCUIElement.swift */,
			);
			path = Meduman_SwiftUI_UITests;
			sourceTree = "<group>";
		};
		6DC2367929778F4100E10311 /* Health */ = {
			isa = PBXGroup;
			children = (
				6DC2367A29778F8200E10311 /* HealthRecordViewUITests.swift */,
				6DC23688297A3C3800E10311 /* HealthRecordCreationUITests.swift */,
			);
			path = Health;
			sourceTree = "<group>";
		};
		6DC2368C2988AC0600E10311 /* Components */ = {
			isa = PBXGroup;
			children = (
				6DC23686297A389B00E10311 /* CreateRecordView.swift */,
				6DE5F07C29A1B6E500FE8C1E /* RecordCellView.swift */,
			);
			path = Components;
			sourceTree = "<group>";
		};
		6DE5F07E29A474FE00FE8C1E /* Extensions */ = {
			isa = PBXGroup;
			children = (
				6DE5F07F29A4751E00FE8C1E /* HKQuantitySample.swift */,
			);
			path = Extensions;
			sourceTree = "<group>";
		};
/* End PBXGroup section */

/* Begin PBXNativeTarget section */
		6D82EF5C277266AA0010E25B /* Meduman_SwiftUI */ = {
			isa = PBXNativeTarget;
			buildConfigurationList = 6D82EF81277266AF0010E25B /* Build configuration list for PBXNativeTarget "Meduman_SwiftUI" */;
			buildPhases = (
				6D82EF59277266AA0010E25B /* Sources */,
				6D82EF5A277266AA0010E25B /* Frameworks */,
				6D82EF5B277266AA0010E25B /* Resources */,
			);
			buildRules = (
			);
			dependencies = (
			);
			name = Meduman_SwiftUI;
			packageProductDependencies = (
				6D63A39C28D2D1560076BB1E /* FirebaseAnalytics */,
				6D63A39E28D2D1560076BB1E /* FirebaseAuth */,
				6D63A3A028D2D1560076BB1E /* FirebaseFirestore */,
				6D63A3A228D2D1560076BB1E /* FirebaseFirestoreSwift */,
			);
			productName = Meduman_SwiftUI;
			productReference = 6D82EF5D277266AA0010E25B /* Meduman_SwiftUI.app */;
			productType = "com.apple.product-type.application";
		};
		6D96C6FD294165FA00A9AA4C /* Meduman_SwiftUITests */ = {
			isa = PBXNativeTarget;
			buildConfigurationList = 6D96C704294165FA00A9AA4C /* Build configuration list for PBXNativeTarget "Meduman_SwiftUITests" */;
			buildPhases = (
				6D96C6FA294165FA00A9AA4C /* Sources */,
				6D96C6FB294165FA00A9AA4C /* Frameworks */,
				6D96C6FC294165FA00A9AA4C /* Resources */,
			);
			buildRules = (
			);
			dependencies = (
				6D96C703294165FA00A9AA4C /* PBXTargetDependency */,
			);
			name = Meduman_SwiftUITests;
			productName = Meduman_SwiftUITests;
			productReference = 6D96C6FE294165FA00A9AA4C /* Meduman_SwiftUITests.xctest */;
			productType = "com.apple.product-type.bundle.unit-test";
		};
		6DC2366D29778F2100E10311 /* Meduman_SwiftUI_UITests */ = {
			isa = PBXNativeTarget;
			buildConfigurationList = 6DC2367629778F2100E10311 /* Build configuration list for PBXNativeTarget "Meduman_SwiftUI_UITests" */;
			buildPhases = (
				6DC2366A29778F2100E10311 /* Sources */,
				6DC2366B29778F2100E10311 /* Frameworks */,
				6DC2366C29778F2100E10311 /* Resources */,
			);
			buildRules = (
			);
			dependencies = (
				6DC2367529778F2100E10311 /* PBXTargetDependency */,
			);
			name = Meduman_SwiftUI_UITests;
			packageProductDependencies = (
			);
			productName = Meduman_SwiftUI_UITests;
			productReference = 6DC2366E29778F2100E10311 /* Meduman_SwiftUI_UITests.xctest */;
			productType = "com.apple.product-type.bundle.ui-testing";
		};
/* End PBXNativeTarget section */

/* Begin PBXProject section */
		6D82EF55277266AA0010E25B /* Project object */ = {
			isa = PBXProject;
			attributes = {
				BuildIndependentTargetsInParallel = 1;
				LastSwiftUpdateCheck = 1340;
				LastUpgradeCheck = 1310;
				TargetAttributes = {
					6D82EF5C277266AA0010E25B = {
						CreatedOnToolsVersion = 13.1;
					};
					6D96C6FD294165FA00A9AA4C = {
						CreatedOnToolsVersion = 13.4.1;
						TestTargetID = 6D82EF5C277266AA0010E25B;
					};
					6DC2366D29778F2100E10311 = {
						CreatedOnToolsVersion = 13.4.1;
						LastSwiftMigration = 1340;
						TestTargetID = 6D82EF5C277266AA0010E25B;
					};
				};
			};
			buildConfigurationList = 6D82EF58277266AA0010E25B /* Build configuration list for PBXProject "Meduman_SwiftUI" */;
			compatibilityVersion = "Xcode 13.0";
			developmentRegion = en;
			hasScannedForEncodings = 0;
			knownRegions = (
				en,
				Base,
			);
			mainGroup = 6D82EF54277266AA0010E25B;
			packageReferences = (
				6D63A39B28D2D1560076BB1E /* XCRemoteSwiftPackageReference "firebase-ios-sdk" */,
			);
			productRefGroup = 6D82EF5E277266AA0010E25B /* Products */;
			projectDirPath = "";
			projectRoot = "";
			targets = (
				6D82EF5C277266AA0010E25B /* Meduman_SwiftUI */,
				6D96C6FD294165FA00A9AA4C /* Meduman_SwiftUITests */,
				6DC2366D29778F2100E10311 /* Meduman_SwiftUI_UITests */,
			);
		};
/* End PBXProject section */

/* Begin PBXResourcesBuildPhase section */
		6D82EF5B277266AA0010E25B /* Resources */ = {
			isa = PBXResourcesBuildPhase;
			buildActionMask = 2147483647;
			files = (
				6D82EF68277266AD0010E25B /* Preview Assets.xcassets in Resources */,
				6D82EF65277266AD0010E25B /* Assets.xcassets in Resources */,
				6DD3A57E28BFAEBA00405C26 /* GoogleService-Info.plist in Resources */,
			);
			runOnlyForDeploymentPostprocessing = 0;
		};
		6D96C6FC294165FA00A9AA4C /* Resources */ = {
			isa = PBXResourcesBuildPhase;
			buildActionMask = 2147483647;
			files = (
			);
			runOnlyForDeploymentPostprocessing = 0;
		};
		6DC2366C29778F2100E10311 /* Resources */ = {
			isa = PBXResourcesBuildPhase;
			buildActionMask = 2147483647;
			files = (
			);
			runOnlyForDeploymentPostprocessing = 0;
		};
/* End PBXResourcesBuildPhase section */

/* Begin PBXSourcesBuildPhase section */
		6D82EF59277266AA0010E25B /* Sources */ = {
			isa = PBXSourcesBuildPhase;
			buildActionMask = 2147483647;
			files = (
				6DE5F07D29A1B6E500FE8C1E /* RecordCellView.swift in Sources */,
				6D82EF61277266AA0010E25B /* Meduman_SwiftUIApp.swift in Sources */,
				6D63A3B428E694AF0076BB1E /* Health.swift in Sources */,
				6DC41DEC2B2CDB7200B3F0F2 /* HomeView.swift in Sources */,
				6D2CB4D7292DD205002BF0A4 /* HealthRecordViewModel.swift in Sources */,
				6DC23687297A389B00E10311 /* CreateRecordView.swift in Sources */,
				6D1D17DB2A58B7D200B4A13D /* CreateMedicationReminderView.swift in Sources */,
				6D310E952A6C76AC005F7630 /* NotificationManager.swift in Sources */,
				6D63A3B228E4BBE90076BB1E /* HealthRepository.swift in Sources */,
				6D63A3B928E9287E0076BB1E /* HealthError.swift in Sources */,
				6D63A36C28CAE9CD0076BB1E /* AuthRepository.swift in Sources */,
				6D1D17DD2A58B7F500B4A13D /* MedicationReminderViewModel.swift in Sources */,
				6D63A36328C52D0E0076BB1E /* HealthRecordsView.swift in Sources */,
				6DE5F08029A4751E00FE8C1E /* HKQuantitySample.swift in Sources */,
				6D8A268F2993628C00E1DFFC /* HealthUnit.swift in Sources */,
				6D310E912A6B2DE4005F7630 /* Reminder.swift in Sources */,
				6D63A36E28CAE9DF0076BB1E /* FirestoreRepository.swift in Sources */,
				6D82EF91277271270010E25B /* User.swift in Sources */,
				6D310E932A6B2E66005F7630 /* ReminderError.swift in Sources */,
				6D2C0AB127862DE5003D36DC /* SignUpView.swift in Sources */,
				6DD5CAAC294BF92E00CB66CC /* Constraint.swift in Sources */,
				6D1D17E12A599AB900B4A13D /* MedicineReminderListView.swift in Sources */,
				6DC7623F277B83E0002ECC8C /* SignInView.swift in Sources */,
				6D63A39728CEC38F0076BB1E /* AuthViewModel.swift in Sources */,
				6D82EFA827739A020010E25B /* AuthError.swift in Sources */,
			);
			runOnlyForDeploymentPostprocessing = 0;
		};
		6D96C6FA294165FA00A9AA4C /* Sources */ = {
			isa = PBXSourcesBuildPhase;
			buildActionMask = 2147483647;
			files = (
				6D96C7082941662200A9AA4C /* HealthRepositoryTests.swift in Sources */,
				6DD5CAAE29515A2400CB66CC /* HealthQueryMock.swift in Sources */,
				6D96C70C2948287800A9AA4C /* HealthStoreMock.swift in Sources */,
			);
			runOnlyForDeploymentPostprocessing = 0;
		};
		6DC2366A29778F2100E10311 /* Sources */ = {
			isa = PBXSourcesBuildPhase;
			buildActionMask = 2147483647;
			files = (
				6DC2367B29778F8200E10311 /* HealthRecordViewUITests.swift in Sources */,
				6D948A602A5491AF009DB48C /* XCUIElement.swift in Sources */,
				6DC23689297A3C3800E10311 /* HealthRecordCreationUITests.swift in Sources */,
			);
			runOnlyForDeploymentPostprocessing = 0;
		};
/* End PBXSourcesBuildPhase section */

/* Begin PBXTargetDependency section */
		6D96C703294165FA00A9AA4C /* PBXTargetDependency */ = {
			isa = PBXTargetDependency;
			target = 6D82EF5C277266AA0010E25B /* Meduman_SwiftUI */;
			targetProxy = 6D96C702294165FA00A9AA4C /* PBXContainerItemProxy */;
		};
		6DC2367529778F2100E10311 /* PBXTargetDependency */ = {
			isa = PBXTargetDependency;
			target = 6D82EF5C277266AA0010E25B /* Meduman_SwiftUI */;
			targetProxy = 6DC2367429778F2100E10311 /* PBXContainerItemProxy */;
		};
/* End PBXTargetDependency section */

/* Begin XCBuildConfiguration section */
		6D82EF7F277266AF0010E25B /* Debug */ = {
			isa = XCBuildConfiguration;
			buildSettings = {
				ALWAYS_EMBED_SWIFT_STANDARD_LIBRARIES = YES;
				ALWAYS_SEARCH_USER_PATHS = NO;
				CLANG_ANALYZER_LOCALIZABILITY_NONLOCALIZED = YES;
				CLANG_ANALYZER_NONNULL = YES;
				CLANG_ANALYZER_NUMBER_OBJECT_CONVERSION = YES_AGGRESSIVE;
				CLANG_CXX_LANGUAGE_STANDARD = "gnu++17";
				CLANG_CXX_LIBRARY = "libc++";
				CLANG_ENABLE_MODULES = YES;
				CLANG_ENABLE_OBJC_ARC = YES;
				CLANG_ENABLE_OBJC_WEAK = YES;
				CLANG_WARN_BLOCK_CAPTURE_AUTORELEASING = YES;
				CLANG_WARN_BOOL_CONVERSION = YES;
				CLANG_WARN_COMMA = YES;
				CLANG_WARN_CONSTANT_CONVERSION = YES;
				CLANG_WARN_DEPRECATED_OBJC_IMPLEMENTATIONS = YES;
				CLANG_WARN_DIRECT_OBJC_ISA_USAGE = YES_ERROR;
				CLANG_WARN_DOCUMENTATION_COMMENTS = YES;
				CLANG_WARN_EMPTY_BODY = YES;
				CLANG_WARN_ENUM_CONVERSION = YES;
				CLANG_WARN_INFINITE_RECURSION = YES;
				CLANG_WARN_INT_CONVERSION = YES;
				CLANG_WARN_NON_LITERAL_NULL_CONVERSION = YES;
				CLANG_WARN_OBJC_IMPLICIT_RETAIN_SELF = YES;
				CLANG_WARN_OBJC_LITERAL_CONVERSION = YES;
				CLANG_WARN_OBJC_ROOT_CLASS = YES_ERROR;
				CLANG_WARN_QUOTED_INCLUDE_IN_FRAMEWORK_HEADER = YES;
				CLANG_WARN_RANGE_LOOP_ANALYSIS = YES;
				CLANG_WARN_STRICT_PROTOTYPES = YES;
				CLANG_WARN_SUSPICIOUS_MOVE = YES;
				CLANG_WARN_UNGUARDED_AVAILABILITY = YES_AGGRESSIVE;
				CLANG_WARN_UNREACHABLE_CODE = YES;
				CLANG_WARN__DUPLICATE_METHOD_MATCH = YES;
				COPY_PHASE_STRIP = NO;
				DEBUG_INFORMATION_FORMAT = dwarf;
				EMBED_ASSET_PACKS_IN_PRODUCT_BUNDLE = NO;
				ENABLE_BITCODE = YES;
				ENABLE_STRICT_OBJC_MSGSEND = YES;
				ENABLE_TESTABILITY = YES;
				ENABLE_TESTING_SEARCH_PATHS = YES;
				GCC_C_LANGUAGE_STANDARD = gnu11;
				GCC_DYNAMIC_NO_PIC = NO;
				GCC_NO_COMMON_BLOCKS = YES;
				GCC_OPTIMIZATION_LEVEL = 0;
				GCC_PREPROCESSOR_DEFINITIONS = (
					"DEBUG=1",
					"$(inherited)",
				);
				GCC_WARN_64_TO_32_BIT_CONVERSION = YES;
				GCC_WARN_ABOUT_RETURN_TYPE = YES_ERROR;
				GCC_WARN_UNDECLARED_SELECTOR = YES;
				GCC_WARN_UNINITIALIZED_AUTOS = YES_AGGRESSIVE;
				GCC_WARN_UNUSED_FUNCTION = YES;
				GCC_WARN_UNUSED_VARIABLE = YES;
				IPHONEOS_DEPLOYMENT_TARGET = 15.5;
				MTL_ENABLE_DEBUG_INFO = INCLUDE_SOURCE;
				MTL_FAST_MATH = YES;
				ONLY_ACTIVE_ARCH = YES;
				SDKROOT = iphoneos;
				SWIFT_ACTIVE_COMPILATION_CONDITIONS = DEBUG;
				SWIFT_OPTIMIZATION_LEVEL = "-Onone";
			};
			name = Debug;
		};
		6D82EF80277266AF0010E25B /* Release */ = {
			isa = XCBuildConfiguration;
			buildSettings = {
				ALWAYS_EMBED_SWIFT_STANDARD_LIBRARIES = YES;
				ALWAYS_SEARCH_USER_PATHS = NO;
				CLANG_ANALYZER_LOCALIZABILITY_NONLOCALIZED = YES;
				CLANG_ANALYZER_NONNULL = YES;
				CLANG_ANALYZER_NUMBER_OBJECT_CONVERSION = YES_AGGRESSIVE;
				CLANG_CXX_LANGUAGE_STANDARD = "gnu++17";
				CLANG_CXX_LIBRARY = "libc++";
				CLANG_ENABLE_MODULES = YES;
				CLANG_ENABLE_OBJC_ARC = YES;
				CLANG_ENABLE_OBJC_WEAK = YES;
				CLANG_WARN_BLOCK_CAPTURE_AUTORELEASING = YES;
				CLANG_WARN_BOOL_CONVERSION = YES;
				CLANG_WARN_COMMA = YES;
				CLANG_WARN_CONSTANT_CONVERSION = YES;
				CLANG_WARN_DEPRECATED_OBJC_IMPLEMENTATIONS = YES;
				CLANG_WARN_DIRECT_OBJC_ISA_USAGE = YES_ERROR;
				CLANG_WARN_DOCUMENTATION_COMMENTS = YES;
				CLANG_WARN_EMPTY_BODY = YES;
				CLANG_WARN_ENUM_CONVERSION = YES;
				CLANG_WARN_INFINITE_RECURSION = YES;
				CLANG_WARN_INT_CONVERSION = YES;
				CLANG_WARN_NON_LITERAL_NULL_CONVERSION = YES;
				CLANG_WARN_OBJC_IMPLICIT_RETAIN_SELF = YES;
				CLANG_WARN_OBJC_LITERAL_CONVERSION = YES;
				CLANG_WARN_OBJC_ROOT_CLASS = YES_ERROR;
				CLANG_WARN_QUOTED_INCLUDE_IN_FRAMEWORK_HEADER = YES;
				CLANG_WARN_RANGE_LOOP_ANALYSIS = YES;
				CLANG_WARN_STRICT_PROTOTYPES = YES;
				CLANG_WARN_SUSPICIOUS_MOVE = YES;
				CLANG_WARN_UNGUARDED_AVAILABILITY = YES_AGGRESSIVE;
				CLANG_WARN_UNREACHABLE_CODE = YES;
				CLANG_WARN__DUPLICATE_METHOD_MATCH = YES;
				COPY_PHASE_STRIP = NO;
				DEBUG_INFORMATION_FORMAT = "dwarf-with-dsym";
				EMBED_ASSET_PACKS_IN_PRODUCT_BUNDLE = NO;
				ENABLE_BITCODE = YES;
				ENABLE_NS_ASSERTIONS = NO;
				ENABLE_STRICT_OBJC_MSGSEND = YES;
				ENABLE_TESTABILITY = NO;
				ENABLE_TESTING_SEARCH_PATHS = YES;
				GCC_C_LANGUAGE_STANDARD = gnu11;
				GCC_NO_COMMON_BLOCKS = YES;
				GCC_WARN_64_TO_32_BIT_CONVERSION = YES;
				GCC_WARN_ABOUT_RETURN_TYPE = YES_ERROR;
				GCC_WARN_UNDECLARED_SELECTOR = YES;
				GCC_WARN_UNINITIALIZED_AUTOS = YES_AGGRESSIVE;
				GCC_WARN_UNUSED_FUNCTION = YES;
				GCC_WARN_UNUSED_VARIABLE = YES;
				IPHONEOS_DEPLOYMENT_TARGET = 15.5;
				MTL_ENABLE_DEBUG_INFO = NO;
				MTL_FAST_MATH = YES;
				SDKROOT = iphoneos;
				SWIFT_COMPILATION_MODE = wholemodule;
				SWIFT_OPTIMIZATION_LEVEL = "-O";
				VALIDATE_PRODUCT = YES;
			};
			name = Release;
		};
		6D82EF82277266AF0010E25B /* Debug */ = {
			isa = XCBuildConfiguration;
			buildSettings = {
				ALWAYS_EMBED_SWIFT_STANDARD_LIBRARIES = YES;
				ASSETCATALOG_COMPILER_APPICON_NAME = AppIcon;
				ASSETCATALOG_COMPILER_GLOBAL_ACCENT_COLOR_NAME = AccentColor;
				CODE_SIGN_ENTITLEMENTS = Meduman_SwiftUI/Meduman_SwiftUI.entitlements;
				CODE_SIGN_IDENTITY = "Apple Development";
				CODE_SIGN_STYLE = Automatic;
				CURRENT_PROJECT_VERSION = 1;
				DEVELOPMENT_ASSET_PATHS = "\"Meduman_SwiftUI/Preview Content\"";
				DEVELOPMENT_TEAM = 6T94248RU7;
				ENABLE_PREVIEWS = YES;
				ENABLE_TESTING_SEARCH_PATHS = YES;
				GENERATE_INFOPLIST_FILE = YES;
				INFOPLIST_FILE = "Meduman-SwiftUI-Info.plist";
				INFOPLIST_KEY_NSHealthClinicalHealthRecordsShareUsageDescription = "Meduman needs your permission to record your health data.";
				INFOPLIST_KEY_NSHealthShareUsageDescription = "Meduman needs your permission to share your health data.";
				INFOPLIST_KEY_NSHealthUpdateUsageDescription = "Meduman needs your permission to update your health data.";
				INFOPLIST_KEY_UIApplicationSceneManifest_Generation = YES;
				INFOPLIST_KEY_UIApplicationSupportsIndirectInputEvents = YES;
				INFOPLIST_KEY_UILaunchScreen_Generation = YES;
				INFOPLIST_KEY_UISupportedInterfaceOrientations_iPad = "UIInterfaceOrientationPortrait UIInterfaceOrientationPortraitUpsideDown UIInterfaceOrientationLandscapeLeft UIInterfaceOrientationLandscapeRight";
				INFOPLIST_KEY_UISupportedInterfaceOrientations_iPhone = "UIInterfaceOrientationPortrait UIInterfaceOrientationLandscapeLeft UIInterfaceOrientationLandscapeRight";
				LD_RUNPATH_SEARCH_PATHS = (
					"$(inherited)",
					"@executable_path/Frameworks",
				);
				MARKETING_VERSION = 1.0;
				PRODUCT_BUNDLE_IDENTIFIER = "com.ShakFeizi.Meduman-SwiftUI";
				PRODUCT_NAME = "$(TARGET_NAME)";
				PROVISIONING_PROFILE_SPECIFIER = "";
				SWIFT_EMIT_LOC_STRINGS = YES;
				SWIFT_VERSION = 5.0;
				TARGETED_DEVICE_FAMILY = "1,2";
			};
			name = Debug;
		};
		6D82EF83277266AF0010E25B /* Release */ = {
			isa = XCBuildConfiguration;
			buildSettings = {
				ALWAYS_EMBED_SWIFT_STANDARD_LIBRARIES = YES;
				ASSETCATALOG_COMPILER_APPICON_NAME = AppIcon;
				ASSETCATALOG_COMPILER_GLOBAL_ACCENT_COLOR_NAME = AccentColor;
				CODE_SIGN_ENTITLEMENTS = Meduman_SwiftUI/Meduman_SwiftUI.entitlements;
				CODE_SIGN_IDENTITY = "Apple Development";
				CODE_SIGN_STYLE = Automatic;
				CURRENT_PROJECT_VERSION = 1;
				DEVELOPMENT_ASSET_PATHS = "\"Meduman_SwiftUI/Preview Content\"";
				DEVELOPMENT_TEAM = 6T94248RU7;
				ENABLE_PREVIEWS = YES;
				ENABLE_TESTING_SEARCH_PATHS = YES;
				GENERATE_INFOPLIST_FILE = YES;
				INFOPLIST_FILE = "Meduman-SwiftUI-Info.plist";
				INFOPLIST_KEY_NSHealthClinicalHealthRecordsShareUsageDescription = "Meduman needs your permission to record your health data.";
				INFOPLIST_KEY_NSHealthShareUsageDescription = "Meduman needs your permission to share your health data.";
				INFOPLIST_KEY_NSHealthUpdateUsageDescription = "Meduman needs your permission to update your health data.";
				INFOPLIST_KEY_UIApplicationSceneManifest_Generation = YES;
				INFOPLIST_KEY_UIApplicationSupportsIndirectInputEvents = YES;
				INFOPLIST_KEY_UILaunchScreen_Generation = YES;
				INFOPLIST_KEY_UISupportedInterfaceOrientations_iPad = "UIInterfaceOrientationPortrait UIInterfaceOrientationPortraitUpsideDown UIInterfaceOrientationLandscapeLeft UIInterfaceOrientationLandscapeRight";
				INFOPLIST_KEY_UISupportedInterfaceOrientations_iPhone = "UIInterfaceOrientationPortrait UIInterfaceOrientationLandscapeLeft UIInterfaceOrientationLandscapeRight";
				LD_RUNPATH_SEARCH_PATHS = (
					"$(inherited)",
					"@executable_path/Frameworks",
				);
				MARKETING_VERSION = 1.0;
				PRODUCT_BUNDLE_IDENTIFIER = "com.ShakFeizi.Meduman-SwiftUI";
				PRODUCT_NAME = "$(TARGET_NAME)";
				PROVISIONING_PROFILE_SPECIFIER = "";
				SWIFT_EMIT_LOC_STRINGS = YES;
				SWIFT_VERSION = 5.0;
				TARGETED_DEVICE_FAMILY = "1,2";
			};
			name = Release;
		};
		6D96C705294165FA00A9AA4C /* Debug */ = {
			isa = XCBuildConfiguration;
			buildSettings = {
				BUNDLE_LOADER = "$(TEST_HOST)";
				CODE_SIGN_STYLE = Automatic;
				CURRENT_PROJECT_VERSION = 1;
				DEVELOPMENT_TEAM = 6T94248RU7;
				GENERATE_INFOPLIST_FILE = YES;
				MARKETING_VERSION = 1.0;
				PRODUCT_BUNDLE_IDENTIFIER = "com.shakfeizi.Meduman-SwiftUITests";
				PRODUCT_NAME = "$(TARGET_NAME)";
				SWIFT_EMIT_LOC_STRINGS = NO;
				SWIFT_VERSION = 5.0;
				TARGETED_DEVICE_FAMILY = "1,2";
				TEST_HOST = "$(BUILT_PRODUCTS_DIR)/Meduman_SwiftUI.app/Meduman_SwiftUI";
			};
			name = Debug;
		};
		6D96C706294165FA00A9AA4C /* Release */ = {
			isa = XCBuildConfiguration;
			buildSettings = {
				BUNDLE_LOADER = "$(TEST_HOST)";
				CODE_SIGN_STYLE = Automatic;
				CURRENT_PROJECT_VERSION = 1;
				DEVELOPMENT_TEAM = 6T94248RU7;
				GENERATE_INFOPLIST_FILE = YES;
				MARKETING_VERSION = 1.0;
				PRODUCT_BUNDLE_IDENTIFIER = "com.shakfeizi.Meduman-SwiftUITests";
				PRODUCT_NAME = "$(TARGET_NAME)";
				SWIFT_EMIT_LOC_STRINGS = NO;
				SWIFT_VERSION = 5.0;
				TARGETED_DEVICE_FAMILY = "1,2";
				TEST_HOST = "$(BUILT_PRODUCTS_DIR)/Meduman_SwiftUI.app/Meduman_SwiftUI";
			};
			name = Release;
		};
		6DC2367729778F2100E10311 /* Debug */ = {
			isa = XCBuildConfiguration;
			buildSettings = {
				CLANG_ENABLE_MODULES = YES;
				CODE_SIGN_STYLE = Automatic;
				CURRENT_PROJECT_VERSION = 1;
				DEVELOPMENT_TEAM = 6T94248RU7;
				GENERATE_INFOPLIST_FILE = YES;
				LD_RUNPATH_SEARCH_PATHS = (
					"$(inherited)",
					"@executable_path/Frameworks",
					"@loader_path/Frameworks",
				);
				MARKETING_VERSION = 1.0;
				PRODUCT_BUNDLE_IDENTIFIER = "com.shakfeizi.Meduman-SwiftUI-UITests";
				PRODUCT_NAME = "$(TARGET_NAME)";
				SWIFT_EMIT_LOC_STRINGS = NO;
				SWIFT_OPTIMIZATION_LEVEL = "-Onone";
				SWIFT_VERSION = 5.0;
				TARGETED_DEVICE_FAMILY = "1,2";
				TEST_TARGET_NAME = Meduman_SwiftUI;
			};
			name = Debug;
		};
		6DC2367829778F2100E10311 /* Release */ = {
			isa = XCBuildConfiguration;
			buildSettings = {
				CLANG_ENABLE_MODULES = YES;
				CODE_SIGN_STYLE = Automatic;
				CURRENT_PROJECT_VERSION = 1;
				DEVELOPMENT_TEAM = 6T94248RU7;
				GENERATE_INFOPLIST_FILE = YES;
				LD_RUNPATH_SEARCH_PATHS = (
					"$(inherited)",
					"@executable_path/Frameworks",
					"@loader_path/Frameworks",
				);
				MARKETING_VERSION = 1.0;
				PRODUCT_BUNDLE_IDENTIFIER = "com.shakfeizi.Meduman-SwiftUI-UITests";
				PRODUCT_NAME = "$(TARGET_NAME)";
				SWIFT_EMIT_LOC_STRINGS = NO;
				SWIFT_VERSION = 5.0;
				TARGETED_DEVICE_FAMILY = "1,2";
				TEST_TARGET_NAME = Meduman_SwiftUI;
			};
			name = Release;
		};
/* End XCBuildConfiguration section */

/* Begin XCConfigurationList section */
		6D82EF58277266AA0010E25B /* Build configuration list for PBXProject "Meduman_SwiftUI" */ = {
			isa = XCConfigurationList;
			buildConfigurations = (
				6D82EF7F277266AF0010E25B /* Debug */,
				6D82EF80277266AF0010E25B /* Release */,
			);
			defaultConfigurationIsVisible = 0;
			defaultConfigurationName = Release;
		};
		6D82EF81277266AF0010E25B /* Build configuration list for PBXNativeTarget "Meduman_SwiftUI" */ = {
			isa = XCConfigurationList;
			buildConfigurations = (
				6D82EF82277266AF0010E25B /* Debug */,
				6D82EF83277266AF0010E25B /* Release */,
			);
			defaultConfigurationIsVisible = 0;
			defaultConfigurationName = Release;
		};
		6D96C704294165FA00A9AA4C /* Build configuration list for PBXNativeTarget "Meduman_SwiftUITests" */ = {
			isa = XCConfigurationList;
			buildConfigurations = (
				6D96C705294165FA00A9AA4C /* Debug */,
				6D96C706294165FA00A9AA4C /* Release */,
			);
			defaultConfigurationIsVisible = 0;
			defaultConfigurationName = Release;
		};
		6DC2367629778F2100E10311 /* Build configuration list for PBXNativeTarget "Meduman_SwiftUI_UITests" */ = {
			isa = XCConfigurationList;
			buildConfigurations = (
				6DC2367729778F2100E10311 /* Debug */,
				6DC2367829778F2100E10311 /* Release */,
			);
			defaultConfigurationIsVisible = 0;
			defaultConfigurationName = Release;
		};
/* End XCConfigurationList section */

/* Begin XCRemoteSwiftPackageReference section */
		6D63A39B28D2D1560076BB1E /* XCRemoteSwiftPackageReference "firebase-ios-sdk" */ = {
			isa = XCRemoteSwiftPackageReference;
			repositoryURL = "https://github.com/firebase/firebase-ios-sdk";
			requirement = {
				branch = master;
				kind = branch;
			};
		};
/* End XCRemoteSwiftPackageReference section */

/* Begin XCSwiftPackageProductDependency section */
		6D63A39C28D2D1560076BB1E /* FirebaseAnalytics */ = {
			isa = XCSwiftPackageProductDependency;
			package = 6D63A39B28D2D1560076BB1E /* XCRemoteSwiftPackageReference "firebase-ios-sdk" */;
			productName = FirebaseAnalytics;
		};
		6D63A39E28D2D1560076BB1E /* FirebaseAuth */ = {
			isa = XCSwiftPackageProductDependency;
			package = 6D63A39B28D2D1560076BB1E /* XCRemoteSwiftPackageReference "firebase-ios-sdk" */;
			productName = FirebaseAuth;
		};
		6D63A3A028D2D1560076BB1E /* FirebaseFirestore */ = {
			isa = XCSwiftPackageProductDependency;
			package = 6D63A39B28D2D1560076BB1E /* XCRemoteSwiftPackageReference "firebase-ios-sdk" */;
			productName = FirebaseFirestore;
		};
		6D63A3A228D2D1560076BB1E /* FirebaseFirestoreSwift */ = {
			isa = XCSwiftPackageProductDependency;
			package = 6D63A39B28D2D1560076BB1E /* XCRemoteSwiftPackageReference "firebase-ios-sdk" */;
			productName = FirebaseFirestoreSwift;
		};
/* End XCSwiftPackageProductDependency section */
	};
	rootObject = 6D82EF55277266AA0010E25B /* Project object */;
}
