// !$*UTF8*$!
{
	archiveVersion = 1;
	classes = {
	};
	objectVersion = 55;
	objects = {

/* Begin PBXBuildFile section */
		6D82EF61277266AA0010E25B /* Meduman_SwiftUIApp.swift in Sources */ = {isa = PBXBuildFile; fileRef = 6D82EF60277266AA0010E25B /* Meduman_SwiftUIApp.swift */; };
		6D82EF63277266AB0010E25B /* ContentView.swift in Sources */ = {isa = PBXBuildFile; fileRef = 6D82EF62277266AB0010E25B /* ContentView.swift */; };
		6D82EF65277266AD0010E25B /* Assets.xcassets in Resources */ = {isa = PBXBuildFile; fileRef = 6D82EF64277266AD0010E25B /* Assets.xcassets */; };
		6D82EF68277266AD0010E25B /* Preview Assets.xcassets in Resources */ = {isa = PBXBuildFile; fileRef = 6D82EF67277266AD0010E25B /* Preview Assets.xcassets */; };
		6D82EF72277266AE0010E25B /* UserInfoValidationTests.swift in Sources */ = {isa = PBXBuildFile; fileRef = 6D82EF71277266AE0010E25B /* UserInfoValidationTests.swift */; };
		6D82EF91277271270010E25B /* User.swift in Sources */ = {isa = PBXBuildFile; fileRef = 6D82EF90277271270010E25B /* User.swift */; };
		6D82EF932772726E0010E25B /* Person.swift in Sources */ = {isa = PBXBuildFile; fileRef = 6D82EF922772726E0010E25B /* Person.swift */; };
		6D82EF972773944F0010E25B /* FBAuthManagerTests.swift in Sources */ = {isa = PBXBuildFile; fileRef = 6D82EF962773944F0010E25B /* FBAuthManagerTests.swift */; };
		6D82EF9B277394E20010E25B /* FBAuthManager.swift in Sources */ = {isa = PBXBuildFile; fileRef = 6D82EF9A277394E20010E25B /* FBAuthManager.swift */; };
		6D82EF9E277398710010E25B /* FirebaseAnalytics in Frameworks */ = {isa = PBXBuildFile; productRef = 6D82EF9D277398710010E25B /* FirebaseAnalytics */; };
		6D82EFA0277398710010E25B /* FirebaseAuth in Frameworks */ = {isa = PBXBuildFile; productRef = 6D82EF9F277398710010E25B /* FirebaseAuth */; };
		6D82EFA2277398710010E25B /* FirebaseFirestore in Frameworks */ = {isa = PBXBuildFile; productRef = 6D82EFA1277398710010E25B /* FirebaseFirestore */; };
		6D82EFA4277398710010E25B /* FirebaseFirestoreSwift-Beta in Frameworks */ = {isa = PBXBuildFile; productRef = 6D82EFA3277398710010E25B /* FirebaseFirestoreSwift-Beta */; };
		6D82EFA6277398F80010E25B /* FirebaseProtocol.swift in Sources */ = {isa = PBXBuildFile; fileRef = 6D82EFA5277398F80010E25B /* FirebaseProtocol.swift */; };
		6D82EFA827739A020010E25B /* DatabaseError.swift in Sources */ = {isa = PBXBuildFile; fileRef = 6D82EFA727739A020010E25B /* DatabaseError.swift */; };
		6D82EFAA2773A0CB0010E25B /* FBFirestoreManager.swift in Sources */ = {isa = PBXBuildFile; fileRef = 6D82EFA92773A0CB0010E25B /* FBFirestoreManager.swift */; };
/* End PBXBuildFile section */

/* Begin PBXContainerItemProxy section */
		6D82EF6E277266AE0010E25B /* PBXContainerItemProxy */ = {
			isa = PBXContainerItemProxy;
			containerPortal = 6D82EF55277266AA0010E25B /* Project object */;
			proxyType = 1;
			remoteGlobalIDString = 6D82EF5C277266AA0010E25B;
			remoteInfo = Meduman_SwiftUI;
		};
/* End PBXContainerItemProxy section */

/* Begin PBXFileReference section */
		6D82EF5D277266AA0010E25B /* Meduman_SwiftUI.app */ = {isa = PBXFileReference; explicitFileType = wrapper.application; includeInIndex = 0; path = Meduman_SwiftUI.app; sourceTree = BUILT_PRODUCTS_DIR; };
		6D82EF60277266AA0010E25B /* Meduman_SwiftUIApp.swift */ = {isa = PBXFileReference; lastKnownFileType = sourcecode.swift; path = Meduman_SwiftUIApp.swift; sourceTree = "<group>"; };
		6D82EF62277266AB0010E25B /* ContentView.swift */ = {isa = PBXFileReference; lastKnownFileType = sourcecode.swift; path = ContentView.swift; sourceTree = "<group>"; };
		6D82EF64277266AD0010E25B /* Assets.xcassets */ = {isa = PBXFileReference; lastKnownFileType = folder.assetcatalog; path = Assets.xcassets; sourceTree = "<group>"; };
		6D82EF67277266AD0010E25B /* Preview Assets.xcassets */ = {isa = PBXFileReference; lastKnownFileType = folder.assetcatalog; path = "Preview Assets.xcassets"; sourceTree = "<group>"; };
		6D82EF6D277266AE0010E25B /* Meduman_SwiftUITests.xctest */ = {isa = PBXFileReference; explicitFileType = wrapper.cfbundle; includeInIndex = 0; path = Meduman_SwiftUITests.xctest; sourceTree = BUILT_PRODUCTS_DIR; };
		6D82EF71277266AE0010E25B /* UserInfoValidationTests.swift */ = {isa = PBXFileReference; lastKnownFileType = sourcecode.swift; path = UserInfoValidationTests.swift; sourceTree = "<group>"; };
		6D82EF90277271270010E25B /* User.swift */ = {isa = PBXFileReference; lastKnownFileType = sourcecode.swift; path = User.swift; sourceTree = "<group>"; };
		6D82EF922772726E0010E25B /* Person.swift */ = {isa = PBXFileReference; lastKnownFileType = sourcecode.swift; path = Person.swift; sourceTree = "<group>"; };
		6D82EF962773944F0010E25B /* FBAuthManagerTests.swift */ = {isa = PBXFileReference; lastKnownFileType = sourcecode.swift; path = FBAuthManagerTests.swift; sourceTree = "<group>"; };
		6D82EF9A277394E20010E25B /* FBAuthManager.swift */ = {isa = PBXFileReference; lastKnownFileType = sourcecode.swift; path = FBAuthManager.swift; sourceTree = "<group>"; };
		6D82EFA5277398F80010E25B /* FirebaseProtocol.swift */ = {isa = PBXFileReference; lastKnownFileType = sourcecode.swift; path = FirebaseProtocol.swift; sourceTree = "<group>"; };
		6D82EFA727739A020010E25B /* DatabaseError.swift */ = {isa = PBXFileReference; lastKnownFileType = sourcecode.swift; path = DatabaseError.swift; sourceTree = "<group>"; };
		6D82EFA92773A0CB0010E25B /* FBFirestoreManager.swift */ = {isa = PBXFileReference; lastKnownFileType = sourcecode.swift; path = FBFirestoreManager.swift; sourceTree = "<group>"; };
/* End PBXFileReference section */

/* Begin PBXFrameworksBuildPhase section */
		6D82EF5A277266AA0010E25B /* Frameworks */ = {
			isa = PBXFrameworksBuildPhase;
			buildActionMask = 2147483647;
			files = (
				6D82EF9E277398710010E25B /* FirebaseAnalytics in Frameworks */,
				6D82EFA4277398710010E25B /* FirebaseFirestoreSwift-Beta in Frameworks */,
				6D82EFA0277398710010E25B /* FirebaseAuth in Frameworks */,
				6D82EFA2277398710010E25B /* FirebaseFirestore in Frameworks */,
			);
			runOnlyForDeploymentPostprocessing = 0;
		};
		6D82EF6A277266AE0010E25B /* Frameworks */ = {
			isa = PBXFrameworksBuildPhase;
			buildActionMask = 2147483647;
			files = (
			);
			runOnlyForDeploymentPostprocessing = 0;
		};
/* End PBXFrameworksBuildPhase section */

/* Begin PBXGroup section */
		6D82EF54277266AA0010E25B = {
			isa = PBXGroup;
			children = (
				6D82EF5F277266AA0010E25B /* Meduman_SwiftUI */,
				6D82EF70277266AE0010E25B /* Meduman_SwiftUITests */,
				6D82EF5E277266AA0010E25B /* Products */,
			);
			sourceTree = "<group>";
		};
		6D82EF5E277266AA0010E25B /* Products */ = {
			isa = PBXGroup;
			children = (
				6D82EF5D277266AA0010E25B /* Meduman_SwiftUI.app */,
				6D82EF6D277266AE0010E25B /* Meduman_SwiftUITests.xctest */,
			);
			name = Products;
			sourceTree = "<group>";
		};
		6D82EF5F277266AA0010E25B /* Meduman_SwiftUI */ = {
			isa = PBXGroup;
			children = (
				6D82EF8A277267740010E25B /* Helpers & Extensions */,
				6D82EF98277394A50010E25B /* Firebase Managers */,
				6D82EF8B277267880010E25B /* Models */,
				6D82EF8C277267990010E25B /* Views */,
				6D82EF8D277267BC0010E25B /* Resources */,
				6D82EF66277266AD0010E25B /* Preview Content */,
			);
			path = Meduman_SwiftUI;
			sourceTree = "<group>";
		};
		6D82EF66277266AD0010E25B /* Preview Content */ = {
			isa = PBXGroup;
			children = (
				6D82EF67277266AD0010E25B /* Preview Assets.xcassets */,
			);
			path = "Preview Content";
			sourceTree = "<group>";
		};
		6D82EF70277266AE0010E25B /* Meduman_SwiftUITests */ = {
			isa = PBXGroup;
			children = (
				6D82EF8F277268CC0010E25B /* Helpers & Extensions */,
				6D82EF8E277268BC0010E25B /* User Auth & Reg */,
			);
			path = Meduman_SwiftUITests;
			sourceTree = "<group>";
		};
		6D82EF8A277267740010E25B /* Helpers & Extensions */ = {
			isa = PBXGroup;
			children = (
				6D82EFA727739A020010E25B /* DatabaseError.swift */,
			);
			path = "Helpers & Extensions";
			sourceTree = "<group>";
		};
		6D82EF8B277267880010E25B /* Models */ = {
			isa = PBXGroup;
			children = (
				6D82EF90277271270010E25B /* User.swift */,
			);
			path = Models;
			sourceTree = "<group>";
		};
		6D82EF8C277267990010E25B /* Views */ = {
			isa = PBXGroup;
			children = (
				6D82EF62277266AB0010E25B /* ContentView.swift */,
			);
			path = Views;
			sourceTree = "<group>";
		};
		6D82EF8D277267BC0010E25B /* Resources */ = {
			isa = PBXGroup;
			children = (
				6D82EF60277266AA0010E25B /* Meduman_SwiftUIApp.swift */,
				6D82EF64277266AD0010E25B /* Assets.xcassets */,
			);
			path = Resources;
			sourceTree = "<group>";
		};
		6D82EF8E277268BC0010E25B /* User Auth & Reg */ = {
			isa = PBXGroup;
			children = (
				6D82EF71277266AE0010E25B /* UserInfoValidationTests.swift */,
				6D82EF962773944F0010E25B /* FBAuthManagerTests.swift */,
			);
			path = "User Auth & Reg";
			sourceTree = "<group>";
		};
		6D82EF8F277268CC0010E25B /* Helpers & Extensions */ = {
			isa = PBXGroup;
			children = (
				6D82EF922772726E0010E25B /* Person.swift */,
			);
			path = "Helpers & Extensions";
			sourceTree = "<group>";
		};
		6D82EF98277394A50010E25B /* Firebase Managers */ = {
			isa = PBXGroup;
			children = (
				6D82EF9A277394E20010E25B /* FBAuthManager.swift */,
				6D82EFA92773A0CB0010E25B /* FBFirestoreManager.swift */,
				6D82EF99277394B50010E25B /* Protocols */,
			);
			path = "Firebase Managers";
			sourceTree = "<group>";
		};
		6D82EF99277394B50010E25B /* Protocols */ = {
			isa = PBXGroup;
			children = (
				6D82EFA5277398F80010E25B /* FirebaseProtocol.swift */,
			);
			path = Protocols;
			sourceTree = "<group>";
		};
/* End PBXGroup section */

/* Begin PBXNativeTarget section */
		6D82EF5C277266AA0010E25B /* Meduman_SwiftUI */ = {
			isa = PBXNativeTarget;
			buildConfigurationList = 6D82EF81277266AF0010E25B /* Build configuration list for PBXNativeTarget "Meduman_SwiftUI" */;
			buildPhases = (
				6D82EF59277266AA0010E25B /* Sources */,
				6D82EF5A277266AA0010E25B /* Frameworks */,
				6D82EF5B277266AA0010E25B /* Resources */,
			);
			buildRules = (
			);
			dependencies = (
			);
			name = Meduman_SwiftUI;
			packageProductDependencies = (
				6D82EF9D277398710010E25B /* FirebaseAnalytics */,
				6D82EF9F277398710010E25B /* FirebaseAuth */,
				6D82EFA1277398710010E25B /* FirebaseFirestore */,
				6D82EFA3277398710010E25B /* FirebaseFirestoreSwift-Beta */,
			);
			productName = Meduman_SwiftUI;
			productReference = 6D82EF5D277266AA0010E25B /* Meduman_SwiftUI.app */;
			productType = "com.apple.product-type.application";
		};
		6D82EF6C277266AE0010E25B /* Meduman_SwiftUITests */ = {
			isa = PBXNativeTarget;
			buildConfigurationList = 6D82EF84277266AF0010E25B /* Build configuration list for PBXNativeTarget "Meduman_SwiftUITests" */;
			buildPhases = (
				6D82EF69277266AE0010E25B /* Sources */,
				6D82EF6A277266AE0010E25B /* Frameworks */,
				6D82EF6B277266AE0010E25B /* Resources */,
			);
			buildRules = (
			);
			dependencies = (
				6D82EF6F277266AE0010E25B /* PBXTargetDependency */,
			);
			name = Meduman_SwiftUITests;
			productName = Meduman_SwiftUITests;
			productReference = 6D82EF6D277266AE0010E25B /* Meduman_SwiftUITests.xctest */;
			productType = "com.apple.product-type.bundle.unit-test";
		};
/* End PBXNativeTarget section */

/* Begin PBXProject section */
		6D82EF55277266AA0010E25B /* Project object */ = {
			isa = PBXProject;
			attributes = {
				BuildIndependentTargetsInParallel = 1;
				LastSwiftUpdateCheck = 1310;
				LastUpgradeCheck = 1310;
				TargetAttributes = {
					6D82EF5C277266AA0010E25B = {
						CreatedOnToolsVersion = 13.1;
					};
					6D82EF6C277266AE0010E25B = {
						CreatedOnToolsVersion = 13.1;
						TestTargetID = 6D82EF5C277266AA0010E25B;
					};
				};
			};
			buildConfigurationList = 6D82EF58277266AA0010E25B /* Build configuration list for PBXProject "Meduman_SwiftUI" */;
			compatibilityVersion = "Xcode 13.0";
			developmentRegion = en;
			hasScannedForEncodings = 0;
			knownRegions = (
				en,
				Base,
			);
			mainGroup = 6D82EF54277266AA0010E25B;
			packageReferences = (
				6D82EF9C277398710010E25B /* XCRemoteSwiftPackageReference "firebase-ios-sdk" */,
			);
			productRefGroup = 6D82EF5E277266AA0010E25B /* Products */;
			projectDirPath = "";
			projectRoot = "";
			targets = (
				6D82EF5C277266AA0010E25B /* Meduman_SwiftUI */,
				6D82EF6C277266AE0010E25B /* Meduman_SwiftUITests */,
			);
		};
/* End PBXProject section */

/* Begin PBXResourcesBuildPhase section */
		6D82EF5B277266AA0010E25B /* Resources */ = {
			isa = PBXResourcesBuildPhase;
			buildActionMask = 2147483647;
			files = (
				6D82EF68277266AD0010E25B /* Preview Assets.xcassets in Resources */,
				6D82EF65277266AD0010E25B /* Assets.xcassets in Resources */,
			);
			runOnlyForDeploymentPostprocessing = 0;
		};
		6D82EF6B277266AE0010E25B /* Resources */ = {
			isa = PBXResourcesBuildPhase;
			buildActionMask = 2147483647;
			files = (
			);
			runOnlyForDeploymentPostprocessing = 0;
		};
/* End PBXResourcesBuildPhase section */

/* Begin PBXSourcesBuildPhase section */
		6D82EF59277266AA0010E25B /* Sources */ = {
			isa = PBXSourcesBuildPhase;
			buildActionMask = 2147483647;
			files = (
				6D82EF63277266AB0010E25B /* ContentView.swift in Sources */,
				6D82EF61277266AA0010E25B /* Meduman_SwiftUIApp.swift in Sources */,
				6D82EFA6277398F80010E25B /* FirebaseProtocol.swift in Sources */,
				6D82EF91277271270010E25B /* User.swift in Sources */,
				6D82EF9B277394E20010E25B /* FBAuthManager.swift in Sources */,
				6D82EFAA2773A0CB0010E25B /* FBFirestoreManager.swift in Sources */,
				6D82EFA827739A020010E25B /* DatabaseError.swift in Sources */,
			);
			runOnlyForDeploymentPostprocessing = 0;
		};
		6D82EF69277266AE0010E25B /* Sources */ = {
			isa = PBXSourcesBuildPhase;
			buildActionMask = 2147483647;
			files = (
				6D82EF972773944F0010E25B /* FBAuthManagerTests.swift in Sources */,
				6D82EF932772726E0010E25B /* Person.swift in Sources */,
				6D82EF72277266AE0010E25B /* UserInfoValidationTests.swift in Sources */,
			);
			runOnlyForDeploymentPostprocessing = 0;
		};
/* End PBXSourcesBuildPhase section */

/* Begin PBXTargetDependency section */
		6D82EF6F277266AE0010E25B /* PBXTargetDependency */ = {
			isa = PBXTargetDependency;
			target = 6D82EF5C277266AA0010E25B /* Meduman_SwiftUI */;
			targetProxy = 6D82EF6E277266AE0010E25B /* PBXContainerItemProxy */;
		};
/* End PBXTargetDependency section */

/* Begin XCBuildConfiguration section */
		6D82EF7F277266AF0010E25B /* Debug */ = {
			isa = XCBuildConfiguration;
			buildSettings = {
				ALWAYS_SEARCH_USER_PATHS = NO;
				CLANG_ANALYZER_NONNULL = YES;
				CLANG_ANALYZER_NUMBER_OBJECT_CONVERSION = YES_AGGRESSIVE;
				CLANG_CXX_LANGUAGE_STANDARD = "gnu++17";
				CLANG_CXX_LIBRARY = "libc++";
				CLANG_ENABLE_MODULES = YES;
				CLANG_ENABLE_OBJC_ARC = YES;
				CLANG_ENABLE_OBJC_WEAK = YES;
				CLANG_WARN_BLOCK_CAPTURE_AUTORELEASING = YES;
				CLANG_WARN_BOOL_CONVERSION = YES;
				CLANG_WARN_COMMA = YES;
				CLANG_WARN_CONSTANT_CONVERSION = YES;
				CLANG_WARN_DEPRECATED_OBJC_IMPLEMENTATIONS = YES;
				CLANG_WARN_DIRECT_OBJC_ISA_USAGE = YES_ERROR;
				CLANG_WARN_DOCUMENTATION_COMMENTS = YES;
				CLANG_WARN_EMPTY_BODY = YES;
				CLANG_WARN_ENUM_CONVERSION = YES;
				CLANG_WARN_INFINITE_RECURSION = YES;
				CLANG_WARN_INT_CONVERSION = YES;
				CLANG_WARN_NON_LITERAL_NULL_CONVERSION = YES;
				CLANG_WARN_OBJC_IMPLICIT_RETAIN_SELF = YES;
				CLANG_WARN_OBJC_LITERAL_CONVERSION = YES;
				CLANG_WARN_OBJC_ROOT_CLASS = YES_ERROR;
				CLANG_WARN_QUOTED_INCLUDE_IN_FRAMEWORK_HEADER = YES;
				CLANG_WARN_RANGE_LOOP_ANALYSIS = YES;
				CLANG_WARN_STRICT_PROTOTYPES = YES;
				CLANG_WARN_SUSPICIOUS_MOVE = YES;
				CLANG_WARN_UNGUARDED_AVAILABILITY = YES_AGGRESSIVE;
				CLANG_WARN_UNREACHABLE_CODE = YES;
				CLANG_WARN__DUPLICATE_METHOD_MATCH = YES;
				COPY_PHASE_STRIP = NO;
				DEBUG_INFORMATION_FORMAT = dwarf;
				ENABLE_STRICT_OBJC_MSGSEND = YES;
				ENABLE_TESTABILITY = YES;
				GCC_C_LANGUAGE_STANDARD = gnu11;
				GCC_DYNAMIC_NO_PIC = NO;
				GCC_NO_COMMON_BLOCKS = YES;
				GCC_OPTIMIZATION_LEVEL = 0;
				GCC_PREPROCESSOR_DEFINITIONS = (
					"DEBUG=1",
					"$(inherited)",
				);
				GCC_WARN_64_TO_32_BIT_CONVERSION = YES;
				GCC_WARN_ABOUT_RETURN_TYPE = YES_ERROR;
				GCC_WARN_UNDECLARED_SELECTOR = YES;
				GCC_WARN_UNINITIALIZED_AUTOS = YES_AGGRESSIVE;
				GCC_WARN_UNUSED_FUNCTION = YES;
				GCC_WARN_UNUSED_VARIABLE = YES;
				IPHONEOS_DEPLOYMENT_TARGET = 15.0;
				MTL_ENABLE_DEBUG_INFO = INCLUDE_SOURCE;
				MTL_FAST_MATH = YES;
				ONLY_ACTIVE_ARCH = YES;
				SDKROOT = iphoneos;
				SWIFT_ACTIVE_COMPILATION_CONDITIONS = DEBUG;
				SWIFT_OPTIMIZATION_LEVEL = "-Onone";
			};
			name = Debug;
		};
		6D82EF80277266AF0010E25B /* Release */ = {
			isa = XCBuildConfiguration;
			buildSettings = {
				ALWAYS_SEARCH_USER_PATHS = NO;
				CLANG_ANALYZER_NONNULL = YES;
				CLANG_ANALYZER_NUMBER_OBJECT_CONVERSION = YES_AGGRESSIVE;
				CLANG_CXX_LANGUAGE_STANDARD = "gnu++17";
				CLANG_CXX_LIBRARY = "libc++";
				CLANG_ENABLE_MODULES = YES;
				CLANG_ENABLE_OBJC_ARC = YES;
				CLANG_ENABLE_OBJC_WEAK = YES;
				CLANG_WARN_BLOCK_CAPTURE_AUTORELEASING = YES;
				CLANG_WARN_BOOL_CONVERSION = YES;
				CLANG_WARN_COMMA = YES;
				CLANG_WARN_CONSTANT_CONVERSION = YES;
				CLANG_WARN_DEPRECATED_OBJC_IMPLEMENTATIONS = YES;
				CLANG_WARN_DIRECT_OBJC_ISA_USAGE = YES_ERROR;
				CLANG_WARN_DOCUMENTATION_COMMENTS = YES;
				CLANG_WARN_EMPTY_BODY = YES;
				CLANG_WARN_ENUM_CONVERSION = YES;
				CLANG_WARN_INFINITE_RECURSION = YES;
				CLANG_WARN_INT_CONVERSION = YES;
				CLANG_WARN_NON_LITERAL_NULL_CONVERSION = YES;
				CLANG_WARN_OBJC_IMPLICIT_RETAIN_SELF = YES;
				CLANG_WARN_OBJC_LITERAL_CONVERSION = YES;
				CLANG_WARN_OBJC_ROOT_CLASS = YES_ERROR;
				CLANG_WARN_QUOTED_INCLUDE_IN_FRAMEWORK_HEADER = YES;
				CLANG_WARN_RANGE_LOOP_ANALYSIS = YES;
				CLANG_WARN_STRICT_PROTOTYPES = YES;
				CLANG_WARN_SUSPICIOUS_MOVE = YES;
				CLANG_WARN_UNGUARDED_AVAILABILITY = YES_AGGRESSIVE;
				CLANG_WARN_UNREACHABLE_CODE = YES;
				CLANG_WARN__DUPLICATE_METHOD_MATCH = YES;
				COPY_PHASE_STRIP = NO;
				DEBUG_INFORMATION_FORMAT = "dwarf-with-dsym";
				ENABLE_NS_ASSERTIONS = NO;
				ENABLE_STRICT_OBJC_MSGSEND = YES;
				GCC_C_LANGUAGE_STANDARD = gnu11;
				GCC_NO_COMMON_BLOCKS = YES;
				GCC_WARN_64_TO_32_BIT_CONVERSION = YES;
				GCC_WARN_ABOUT_RETURN_TYPE = YES_ERROR;
				GCC_WARN_UNDECLARED_SELECTOR = YES;
				GCC_WARN_UNINITIALIZED_AUTOS = YES_AGGRESSIVE;
				GCC_WARN_UNUSED_FUNCTION = YES;
				GCC_WARN_UNUSED_VARIABLE = YES;
				IPHONEOS_DEPLOYMENT_TARGET = 15.0;
				MTL_ENABLE_DEBUG_INFO = NO;
				MTL_FAST_MATH = YES;
				SDKROOT = iphoneos;
				SWIFT_COMPILATION_MODE = wholemodule;
				SWIFT_OPTIMIZATION_LEVEL = "-O";
				VALIDATE_PRODUCT = YES;
			};
			name = Release;
		};
		6D82EF82277266AF0010E25B /* Debug */ = {
			isa = XCBuildConfiguration;
			buildSettings = {
				ASSETCATALOG_COMPILER_APPICON_NAME = AppIcon;
				ASSETCATALOG_COMPILER_GLOBAL_ACCENT_COLOR_NAME = AccentColor;
				CODE_SIGN_STYLE = Automatic;
				CURRENT_PROJECT_VERSION = 1;
				DEVELOPMENT_ASSET_PATHS = "\"Meduman_SwiftUI/Preview Content\"";
				DEVELOPMENT_TEAM = 6T94248RU7;
				ENABLE_PREVIEWS = YES;
				GENERATE_INFOPLIST_FILE = YES;
				INFOPLIST_KEY_UIApplicationSceneManifest_Generation = YES;
				INFOPLIST_KEY_UIApplicationSupportsIndirectInputEvents = YES;
				INFOPLIST_KEY_UILaunchScreen_Generation = YES;
				INFOPLIST_KEY_UISupportedInterfaceOrientations_iPad = "UIInterfaceOrientationPortrait UIInterfaceOrientationPortraitUpsideDown UIInterfaceOrientationLandscapeLeft UIInterfaceOrientationLandscapeRight";
				INFOPLIST_KEY_UISupportedInterfaceOrientations_iPhone = "UIInterfaceOrientationPortrait UIInterfaceOrientationLandscapeLeft UIInterfaceOrientationLandscapeRight";
				LD_RUNPATH_SEARCH_PATHS = (
					"$(inherited)",
					"@executable_path/Frameworks",
				);
				MARKETING_VERSION = 1.0;
				PRODUCT_BUNDLE_IDENTIFIER = "com.ShakFeizi.Meduman-SwiftUI";
				PRODUCT_NAME = "$(TARGET_NAME)";
				SWIFT_EMIT_LOC_STRINGS = YES;
				SWIFT_VERSION = 5.0;
				TARGETED_DEVICE_FAMILY = "1,2";
			};
			name = Debug;
		};
		6D82EF83277266AF0010E25B /* Release */ = {
			isa = XCBuildConfiguration;
			buildSettings = {
				ASSETCATALOG_COMPILER_APPICON_NAME = AppIcon;
				ASSETCATALOG_COMPILER_GLOBAL_ACCENT_COLOR_NAME = AccentColor;
				CODE_SIGN_STYLE = Automatic;
				CURRENT_PROJECT_VERSION = 1;
				DEVELOPMENT_ASSET_PATHS = "\"Meduman_SwiftUI/Preview Content\"";
				DEVELOPMENT_TEAM = 6T94248RU7;
				ENABLE_PREVIEWS = YES;
				GENERATE_INFOPLIST_FILE = YES;
				INFOPLIST_KEY_UIApplicationSceneManifest_Generation = YES;
				INFOPLIST_KEY_UIApplicationSupportsIndirectInputEvents = YES;
				INFOPLIST_KEY_UILaunchScreen_Generation = YES;
				INFOPLIST_KEY_UISupportedInterfaceOrientations_iPad = "UIInterfaceOrientationPortrait UIInterfaceOrientationPortraitUpsideDown UIInterfaceOrientationLandscapeLeft UIInterfaceOrientationLandscapeRight";
				INFOPLIST_KEY_UISupportedInterfaceOrientations_iPhone = "UIInterfaceOrientationPortrait UIInterfaceOrientationLandscapeLeft UIInterfaceOrientationLandscapeRight";
				LD_RUNPATH_SEARCH_PATHS = (
					"$(inherited)",
					"@executable_path/Frameworks",
				);
				MARKETING_VERSION = 1.0;
				PRODUCT_BUNDLE_IDENTIFIER = "com.ShakFeizi.Meduman-SwiftUI";
				PRODUCT_NAME = "$(TARGET_NAME)";
				SWIFT_EMIT_LOC_STRINGS = YES;
				SWIFT_VERSION = 5.0;
				TARGETED_DEVICE_FAMILY = "1,2";
			};
			name = Release;
		};
		6D82EF85277266AF0010E25B /* Debug */ = {
			isa = XCBuildConfiguration;
			buildSettings = {
				ALWAYS_EMBED_SWIFT_STANDARD_LIBRARIES = YES;
				BUNDLE_LOADER = "$(TEST_HOST)";
				CODE_SIGN_STYLE = Automatic;
				CURRENT_PROJECT_VERSION = 1;
				DEVELOPMENT_TEAM = 6T94248RU7;
				GENERATE_INFOPLIST_FILE = YES;
				IPHONEOS_DEPLOYMENT_TARGET = 15.0;
				LD_RUNPATH_SEARCH_PATHS = (
					"$(inherited)",
					"@executable_path/Frameworks",
					"@loader_path/Frameworks",
				);
				MARKETING_VERSION = 1.0;
				PRODUCT_BUNDLE_IDENTIFIER = "com.ShakFeizi.Meduman-SwiftUITests";
				PRODUCT_NAME = "$(TARGET_NAME)";
				SWIFT_EMIT_LOC_STRINGS = NO;
				SWIFT_VERSION = 5.0;
				TARGETED_DEVICE_FAMILY = "1,2";
				TEST_HOST = "$(BUILT_PRODUCTS_DIR)/Meduman_SwiftUI.app/Meduman_SwiftUI";
			};
			name = Debug;
		};
		6D82EF86277266AF0010E25B /* Release */ = {
			isa = XCBuildConfiguration;
			buildSettings = {
				ALWAYS_EMBED_SWIFT_STANDARD_LIBRARIES = YES;
				BUNDLE_LOADER = "$(TEST_HOST)";
				CODE_SIGN_STYLE = Automatic;
				CURRENT_PROJECT_VERSION = 1;
				DEVELOPMENT_TEAM = 6T94248RU7;
				GENERATE_INFOPLIST_FILE = YES;
				IPHONEOS_DEPLOYMENT_TARGET = 15.0;
				LD_RUNPATH_SEARCH_PATHS = (
					"$(inherited)",
					"@executable_path/Frameworks",
					"@loader_path/Frameworks",
				);
				MARKETING_VERSION = 1.0;
				PRODUCT_BUNDLE_IDENTIFIER = "com.ShakFeizi.Meduman-SwiftUITests";
				PRODUCT_NAME = "$(TARGET_NAME)";
				SWIFT_EMIT_LOC_STRINGS = NO;
				SWIFT_VERSION = 5.0;
				TARGETED_DEVICE_FAMILY = "1,2";
				TEST_HOST = "$(BUILT_PRODUCTS_DIR)/Meduman_SwiftUI.app/Meduman_SwiftUI";
			};
			name = Release;
		};
/* End XCBuildConfiguration section */

/* Begin XCConfigurationList section */
		6D82EF58277266AA0010E25B /* Build configuration list for PBXProject "Meduman_SwiftUI" */ = {
			isa = XCConfigurationList;
			buildConfigurations = (
				6D82EF7F277266AF0010E25B /* Debug */,
				6D82EF80277266AF0010E25B /* Release */,
			);
			defaultConfigurationIsVisible = 0;
			defaultConfigurationName = Release;
		};
		6D82EF81277266AF0010E25B /* Build configuration list for PBXNativeTarget "Meduman_SwiftUI" */ = {
			isa = XCConfigurationList;
			buildConfigurations = (
				6D82EF82277266AF0010E25B /* Debug */,
				6D82EF83277266AF0010E25B /* Release */,
			);
			defaultConfigurationIsVisible = 0;
			defaultConfigurationName = Release;
		};
		6D82EF84277266AF0010E25B /* Build configuration list for PBXNativeTarget "Meduman_SwiftUITests" */ = {
			isa = XCConfigurationList;
			buildConfigurations = (
				6D82EF85277266AF0010E25B /* Debug */,
				6D82EF86277266AF0010E25B /* Release */,
			);
			defaultConfigurationIsVisible = 0;
			defaultConfigurationName = Release;
		};
/* End XCConfigurationList section */

/* Begin XCRemoteSwiftPackageReference section */
		6D82EF9C277398710010E25B /* XCRemoteSwiftPackageReference "firebase-ios-sdk" */ = {
			isa = XCRemoteSwiftPackageReference;
			repositoryURL = "https://github.com/firebase/firebase-ios-sdk";
			requirement = {
				kind = upToNextMajorVersion;
				minimumVersion = 8.0.0;
			};
		};
/* End XCRemoteSwiftPackageReference section */

/* Begin XCSwiftPackageProductDependency section */
		6D82EF9D277398710010E25B /* FirebaseAnalytics */ = {
			isa = XCSwiftPackageProductDependency;
			package = 6D82EF9C277398710010E25B /* XCRemoteSwiftPackageReference "firebase-ios-sdk" */;
			productName = FirebaseAnalytics;
		};
		6D82EF9F277398710010E25B /* FirebaseAuth */ = {
			isa = XCSwiftPackageProductDependency;
			package = 6D82EF9C277398710010E25B /* XCRemoteSwiftPackageReference "firebase-ios-sdk" */;
			productName = FirebaseAuth;
		};
		6D82EFA1277398710010E25B /* FirebaseFirestore */ = {
			isa = XCSwiftPackageProductDependency;
			package = 6D82EF9C277398710010E25B /* XCRemoteSwiftPackageReference "firebase-ios-sdk" */;
			productName = FirebaseFirestore;
		};
		6D82EFA3277398710010E25B /* FirebaseFirestoreSwift-Beta */ = {
			isa = XCSwiftPackageProductDependency;
			package = 6D82EF9C277398710010E25B /* XCRemoteSwiftPackageReference "firebase-ios-sdk" */;
			productName = "FirebaseFirestoreSwift-Beta";
		};
/* End XCSwiftPackageProductDependency section */
	};
	rootObject = 6D82EF55277266AA0010E25B /* Project object */;
}
